// !$*UTF8*$!
{
	archiveVersion = 1;
	classes = {
	};
	objectVersion = 56;
	objects = {

/* Begin PBXBuildFile section */
		510E363C2C76BFB6009AD4AC /* PhotoAlbumPicker.swift in Sources */ = {isa = PBXBuildFile; fileRef = 510E363B2C76BFB6009AD4AC /* PhotoAlbumPicker.swift */; };
		51148CCD2C42F6BA00365853 /* plat_finger_animation_lottie.json in Resources */ = {isa = PBXBuildFile; fileRef = 51148CCB2C42F6BA00365853 /* plat_finger_animation_lottie.json */; };
		51148CCE2C42F6BA00365853 /* plat_map_animation_lottie.json in Resources */ = {isa = PBXBuildFile; fileRef = 51148CCC2C42F6BA00365853 /* plat_map_animation_lottie.json */; };
		513DAC9C2C439EA80050DB4F /* LottieAnimationView.swift in Sources */ = {isa = PBXBuildFile; fileRef = 513DAC9B2C439EA80050DB4F /* LottieAnimationView.swift */; };
		5151BEAB2C71EB73001DA80F /* PlattingView.swift in Sources */ = {isa = PBXBuildFile; fileRef = 5151BEAA2C71EB73001DA80F /* PlattingView.swift */; };
		5151BEB02C72D31B001DA80F /* TrackAppendUseCase.swift in Sources */ = {isa = PBXBuildFile; fileRef = 5151BEAF2C72D31B001DA80F /* TrackAppendUseCase.swift */; };
		5151BEB22C72DA2D001DA80F /* TrackAppendServiceInterface.swift in Sources */ = {isa = PBXBuildFile; fileRef = 5151BEB12C72DA2D001DA80F /* TrackAppendServiceInterface.swift */; };
		5151BEB42C72DAA5001DA80F /* StubTrackAppendService.swift in Sources */ = {isa = PBXBuildFile; fileRef = 5151BEB32C72DAA5001DA80F /* StubTrackAppendService.swift */; };
		5151BEB82C742119001DA80F /* TrackAppendContentView.swift in Sources */ = {isa = PBXBuildFile; fileRef = 5151BEB72C742119001DA80F /* TrackAppendContentView.swift */; };
		5151BEBE2C74D6F3001DA80F /* TrackAppendSearchView.swift in Sources */ = {isa = PBXBuildFile; fileRef = 5151BEBD2C74D6F3001DA80F /* TrackAppendSearchView.swift */; };
		518B4EF02C3EE27F005FF553 /* Lottie in Frameworks */ = {isa = PBXBuildFile; productRef = 518B4EEF2C3EE27F005FF553 /* Lottie */; };
		51B478502C4379E00008EB37 /* Helper+Text.swift in Sources */ = {isa = PBXBuildFile; fileRef = 51B4784F2C4379E00008EB37 /* Helper+Text.swift */; };
		51F433322C340DB200FAFD14 /* Colors.xcassets in Resources */ = {isa = PBXBuildFile; fileRef = 51F433312C340DB200FAFD14 /* Colors.xcassets */; };
		51F4333E2C3411D500FAFD14 /* Pretendard-SemiBold.ttf in Resources */ = {isa = PBXBuildFile; fileRef = 51F433352C3411D400FAFD14 /* Pretendard-SemiBold.ttf */; };
		51F4333F2C3411D500FAFD14 /* Pretendard-ExtraLight.ttf in Resources */ = {isa = PBXBuildFile; fileRef = 51F433362C3411D400FAFD14 /* Pretendard-ExtraLight.ttf */; };
		51F433402C3411D500FAFD14 /* Pretendard-ExtraBold.ttf in Resources */ = {isa = PBXBuildFile; fileRef = 51F433372C3411D400FAFD14 /* Pretendard-ExtraBold.ttf */; };
		51F433412C3411D500FAFD14 /* Pretendard-Medium.ttf in Resources */ = {isa = PBXBuildFile; fileRef = 51F433382C3411D400FAFD14 /* Pretendard-Medium.ttf */; };
		51F433422C3411D500FAFD14 /* Pretendard-Black.ttf in Resources */ = {isa = PBXBuildFile; fileRef = 51F433392C3411D500FAFD14 /* Pretendard-Black.ttf */; };
		51F433432C3411D500FAFD14 /* Pretendard-Thin.ttf in Resources */ = {isa = PBXBuildFile; fileRef = 51F4333A2C3411D500FAFD14 /* Pretendard-Thin.ttf */; };
		51F433442C3411D500FAFD14 /* Pretendard-Bold.ttf in Resources */ = {isa = PBXBuildFile; fileRef = 51F4333B2C3411D500FAFD14 /* Pretendard-Bold.ttf */; };
		51F433452C3411D500FAFD14 /* Pretendard-Regular.ttf in Resources */ = {isa = PBXBuildFile; fileRef = 51F4333C2C3411D500FAFD14 /* Pretendard-Regular.ttf */; };
		51F433462C3411D500FAFD14 /* Pretendard-Light.ttf in Resources */ = {isa = PBXBuildFile; fileRef = 51F4333D2C3411D500FAFD14 /* Pretendard-Light.ttf */; };
		51F4334A2C3413CB00FAFD14 /* Helper+PretendardFont.swift in Sources */ = {isa = PBXBuildFile; fileRef = 51F433492C3413CB00FAFD14 /* Helper+PretendardFont.swift */; };
		790AF06A2C6DD1640005FA9A /* TrackMapView.swift in Sources */ = {isa = PBXBuildFile; fileRef = 790AF0692C6DD1640005FA9A /* TrackMapView.swift */; };
		791FEF8A2C771CDE006CBDE0 /* UserSessionServiceInterface.swift in Sources */ = {isa = PBXBuildFile; fileRef = 791FEF892C771CDE006CBDE0 /* UserSessionServiceInterface.swift */; };
		791FEF8C2C771E7B006CBDE0 /* StubUserProfileService.swift in Sources */ = {isa = PBXBuildFile; fileRef = 791FEF8B2C771E7B006CBDE0 /* StubUserProfileService.swift */; };
		791FEF8E2C771FD6006CBDE0 /* StubUserSessionService.swift in Sources */ = {isa = PBXBuildFile; fileRef = 791FEF8D2C771FD6006CBDE0 /* StubUserSessionService.swift */; };
		793278092C2D014500F433F5 /* PLATApp.swift in Sources */ = {isa = PBXBuildFile; fileRef = 793278082C2D014500F433F5 /* PLATApp.swift */; };
		7932780B2C2D014500F433F5 /* OnboardingView.swift in Sources */ = {isa = PBXBuildFile; fileRef = 7932780A2C2D014500F433F5 /* OnboardingView.swift */; };
		7932780D2C2D014600F433F5 /* Assets.xcassets in Resources */ = {isa = PBXBuildFile; fileRef = 7932780C2C2D014600F433F5 /* Assets.xcassets */; };
		793278102C2D014600F433F5 /* Preview Assets.xcassets in Resources */ = {isa = PBXBuildFile; fileRef = 7932780F2C2D014600F433F5 /* Preview Assets.xcassets */; };
		793509C22C393BA40098B073 /* ListSection.swift in Sources */ = {isa = PBXBuildFile; fileRef = 793509C12C393BA40098B073 /* ListSection.swift */; };
		7964659A2C3A5C2400F6DC2D /* Helper+Preview.swift in Sources */ = {isa = PBXBuildFile; fileRef = 796465992C3A5C2400F6DC2D /* Helper+Preview.swift */; };
		7964659C2C3A5F1800F6DC2D /* StubInfoService.swift in Sources */ = {isa = PBXBuildFile; fileRef = 7964659B2C3A5F1800F6DC2D /* StubInfoService.swift */; };
		7964659E2C3A649600F6DC2D /* PlatTextField.swift in Sources */ = {isa = PBXBuildFile; fileRef = 7964659D2C3A649600F6DC2D /* PlatTextField.swift */; };
		796465A02C3A6F2E00F6DC2D /* ActionButton.swift in Sources */ = {isa = PBXBuildFile; fileRef = 7964659F2C3A6F2E00F6DC2D /* ActionButton.swift */; };
		796465A22C3A79BD00F6DC2D /* Icons.xcassets in Resources */ = {isa = PBXBuildFile; fileRef = 796465A12C3A79BD00F6DC2D /* Icons.xcassets */; };
		796465A42C3A7CF100F6DC2D /* StubStreamAccountService.swift in Sources */ = {isa = PBXBuildFile; fileRef = 796465A32C3A7CF100F6DC2D /* StubStreamAccountService.swift */; };
		796465A62C3A82A200F6DC2D /* ListRadioButton.swift in Sources */ = {isa = PBXBuildFile; fileRef = 796465A52C3A82A200F6DC2D /* ListRadioButton.swift */; };
		79842E8C2C7225FD0062F825 /* LocationManager.swift in Sources */ = {isa = PBXBuildFile; fileRef = 79842E8B2C7225FD0062F825 /* LocationManager.swift */; };
		79A09D4E2C391BA2006F14F4 /* MainView.swift in Sources */ = {isa = PBXBuildFile; fileRef = 79A09D4D2C391BA2006F14F4 /* MainView.swift */; };
		79A09D502C391C4A006F14F4 /* Tab.swift in Sources */ = {isa = PBXBuildFile; fileRef = 79A09D4F2C391C4A006F14F4 /* Tab.swift */; };
		79B48AF72C413B5600A73CA0 /* SettingPath.swift in Sources */ = {isa = PBXBuildFile; fileRef = 79B48AF62C413B5600A73CA0 /* SettingPath.swift */; };
		79FC51442C6DD63200489507 /* TrackMapUseCase.swift in Sources */ = {isa = PBXBuildFile; fileRef = 79FC51432C6DD63200489507 /* TrackMapUseCase.swift */; };
		79FC51462C6DD78B00489507 /* TrackMapServiceInterface.swift in Sources */ = {isa = PBXBuildFile; fileRef = 79FC51452C6DD78B00489507 /* TrackMapServiceInterface.swift */; };
		79FC514A2C6DEA6600489507 /* StubTrackMapService.swift in Sources */ = {isa = PBXBuildFile; fileRef = 79FC51492C6DEA6600489507 /* StubTrackMapService.swift */; };
		820836772C34001D00F6D0CF /* AppleSocialLoginService.swift in Sources */ = {isa = PBXBuildFile; fileRef = 820836762C34001D00F6D0CF /* AppleSocialLoginService.swift */; };
		8208367C2C34005400F6D0CF /* AuthUseCase.swift in Sources */ = {isa = PBXBuildFile; fileRef = 8208367B2C34005400F6D0CF /* AuthUseCase.swift */; };
		8208367F2C34012E00F6D0CF /* SocialLoginServiceInterface.swift in Sources */ = {isa = PBXBuildFile; fileRef = 8208367E2C34012E00F6D0CF /* SocialLoginServiceInterface.swift */; };
		820836812C34030C00F6D0CF /* LoginView.swift in Sources */ = {isa = PBXBuildFile; fileRef = 820836802C34030C00F6D0CF /* LoginView.swift */; };
		820836832C3403A700F6D0CF /* SelectStreamAccountView.swift in Sources */ = {isa = PBXBuildFile; fileRef = 820836822C3403A700F6D0CF /* SelectStreamAccountView.swift */; };
		820836852C3403B400F6D0CF /* UserDetailView.swift in Sources */ = {isa = PBXBuildFile; fileRef = 820836842C3403B400F6D0CF /* UserDetailView.swift */; };
		820836872C3403C600F6D0CF /* NicknameSettingsView.swift in Sources */ = {isa = PBXBuildFile; fileRef = 820836862C3403C600F6D0CF /* NicknameSettingsView.swift */; };
		820836892C3403DD00F6D0CF /* AccountSettingsView.swift in Sources */ = {isa = PBXBuildFile; fileRef = 820836882C3403DD00F6D0CF /* AccountSettingsView.swift */; };
		8208368D2C34043700F6D0CF /* StreamAccountSettingsView.swift in Sources */ = {isa = PBXBuildFile; fileRef = 8208368C2C34043700F6D0CF /* StreamAccountSettingsView.swift */; };
		8208368F2C34044800F6D0CF /* AboutPlatSettingsView.swift in Sources */ = {isa = PBXBuildFile; fileRef = 8208368E2C34044800F6D0CF /* AboutPlatSettingsView.swift */; };
		820836912C34047C00F6D0CF /* StreamAccountUseCase.swift in Sources */ = {isa = PBXBuildFile; fileRef = 820836902C34047C00F6D0CF /* StreamAccountUseCase.swift */; };
		820836932C3404C700F6D0CF /* StreamAccountServiceInterface.swift in Sources */ = {isa = PBXBuildFile; fileRef = 820836922C3404C700F6D0CF /* StreamAccountServiceInterface.swift */; };
		820836952C34050000F6D0CF /* UserUseCase.swift in Sources */ = {isa = PBXBuildFile; fileRef = 820836942C34050000F6D0CF /* UserUseCase.swift */; };
		820836972C3405B000F6D0CF /* UserProfileServiceInterface.swift in Sources */ = {isa = PBXBuildFile; fileRef = 820836962C3405B000F6D0CF /* UserProfileServiceInterface.swift */; };
		820836992C34064400F6D0CF /* StreamAccount.swift in Sources */ = {isa = PBXBuildFile; fileRef = 820836982C34064400F6D0CF /* StreamAccount.swift */; };
		8208369B2C34084B00F6D0CF /* InfoUseCase.swift in Sources */ = {isa = PBXBuildFile; fileRef = 8208369A2C34084B00F6D0CF /* InfoUseCase.swift */; };
		8208369D2C34086300F6D0CF /* InfoServiceInterface.swift in Sources */ = {isa = PBXBuildFile; fileRef = 8208369C2C34086300F6D0CF /* InfoServiceInterface.swift */; };
		8269333B2C71D1810004E0B5 /* MusicControlUseCase.swift in Sources */ = {isa = PBXBuildFile; fileRef = 8269333A2C71D1810004E0B5 /* MusicControlUseCase.swift */; };
		826933452C71FF5B0004E0B5 /* AppDelegate.swift in Sources */ = {isa = PBXBuildFile; fileRef = 826933442C71FF5B0004E0B5 /* AppDelegate.swift */; };
		826933472C71FFE20004E0B5 /* SceneDelegate.swift in Sources */ = {isa = PBXBuildFile; fileRef = 826933462C71FFE20004E0B5 /* SceneDelegate.swift */; };
		826933492C7207310004E0B5 /* Helper+Log.swift in Sources */ = {isa = PBXBuildFile; fileRef = 826933482C7207310004E0B5 /* Helper+Log.swift */; };
		82721EE82C8C229E00CA2C9A /* NetworkLog.swift in Sources */ = {isa = PBXBuildFile; fileRef = 82721EE72C8C229E00CA2C9A /* NetworkLog.swift */; };
		827A1DE02C2D9B3200C40046 /* .swiftlint.yml in Resources */ = {isa = PBXBuildFile; fileRef = 827A1DDF2C2D9B3200C40046 /* .swiftlint.yml */; };
		82A36ED52C6DE24B00F6E6E2 /* StubMusicController.swift in Sources */ = {isa = PBXBuildFile; fileRef = 82A36ED42C6DE24B00F6E6E2 /* StubMusicController.swift */; };
		82A36ED72C6DE26E00F6E6E2 /* StubTrackService.swift in Sources */ = {isa = PBXBuildFile; fileRef = 82A36ED62C6DE26E00F6E6E2 /* StubTrackService.swift */; };
		82A36ED92C6DE31500F6E6E2 /* MockDataBuilder.swift in Sources */ = {isa = PBXBuildFile; fileRef = 82A36ED82C6DE31500F6E6E2 /* MockDataBuilder.swift */; };
		82A36EDB2C6DE8E000F6E6E2 /* Place.swift in Sources */ = {isa = PBXBuildFile; fileRef = 82A36EDA2C6DE8E000F6E6E2 /* Place.swift */; };
		82A36EDD2C6DF50D00F6E6E2 /* DismissButton.swift in Sources */ = {isa = PBXBuildFile; fileRef = 82A36EDC2C6DF50D00F6E6E2 /* DismissButton.swift */; };
		82A825122C6E1D400084D7E8 /* MusicSeekBar.swift in Sources */ = {isa = PBXBuildFile; fileRef = 82A825112C6E1D400084D7E8 /* MusicSeekBar.swift */; };
		82A825142C6E2A400084D7E8 /* Helper+StringFormatter.swift in Sources */ = {isa = PBXBuildFile; fileRef = 82A825132C6E2A400084D7E8 /* Helper+StringFormatter.swift */; };
		82A825162C6E30D00084D7E8 /* MusicIndicator.swift in Sources */ = {isa = PBXBuildFile; fileRef = 82A825152C6E30D00084D7E8 /* MusicIndicator.swift */; };
		82A825182C6E3B060084D7E8 /* Helper+DateFormatter.swift in Sources */ = {isa = PBXBuildFile; fileRef = 82A825172C6E3B060084D7E8 /* Helper+DateFormatter.swift */; };
		82A8251C2C71BE020084D7E8 /* MiniMusicPlayer.swift in Sources */ = {isa = PBXBuildFile; fileRef = 82A8251B2C71BE020084D7E8 /* MiniMusicPlayer.swift */; };
		82C06F542C6DD977000FEE3A /* TrackDetailView.swift in Sources */ = {isa = PBXBuildFile; fileRef = 82C06F532C6DD977000FEE3A /* TrackDetailView.swift */; };
		82C06F562C6DD9B1000FEE3A /* MusicControllerInterface.swift in Sources */ = {isa = PBXBuildFile; fileRef = 82C06F552C6DD9B1000FEE3A /* MusicControllerInterface.swift */; };
		82C06F582C6DDC3E000FEE3A /* TrackServiceInterface.swift in Sources */ = {isa = PBXBuildFile; fileRef = 82C06F572C6DDC3E000FEE3A /* TrackServiceInterface.swift */; };
		82C06F5A2C6DDECF000FEE3A /* TrackDetailUseCase.swift in Sources */ = {isa = PBXBuildFile; fileRef = 82C06F592C6DDECF000FEE3A /* TrackDetailUseCase.swift */; };
		82C9A5292C75689E00C57916 /* TrackAppendToPlaylistSheet.swift in Sources */ = {isa = PBXBuildFile; fileRef = 82C9A5282C75689E00C57916 /* TrackAppendToPlaylistSheet.swift */; };
		82C9A52E2C75D9D400C57916 /* Constant.swift in Sources */ = {isa = PBXBuildFile; fileRef = 82C9A52D2C75D9D400C57916 /* Constant.swift */; };
		82C9A5312C75DD0D00C57916 /* SystemImage.swift in Sources */ = {isa = PBXBuildFile; fileRef = 82C9A5302C75DD0D00C57916 /* SystemImage.swift */; };
		82C9A5342C777F1000C57916 /* Platter.swift in Sources */ = {isa = PBXBuildFile; fileRef = 820836782C34002D00F6D0CF /* Platter.swift */; };
		82C9A53C2C87228500C57916 /* API.swift in Sources */ = {isa = PBXBuildFile; fileRef = 82C9A53B2C87228500C57916 /* API.swift */; };
		82C9A53E2C8725B100C57916 /* Helper+RawRepresentable.swift in Sources */ = {isa = PBXBuildFile; fileRef = 82C9A53D2C8725B100C57916 /* Helper+RawRepresentable.swift */; };
		82C9A5402C8729D500C57916 /* PlatAPI.swift in Sources */ = {isa = PBXBuildFile; fileRef = 82C9A53F2C8729D500C57916 /* PlatAPI.swift */; };
		DF2D4DDA2C6CF74F005FCA44 /* FeedView.swift in Sources */ = {isa = PBXBuildFile; fileRef = DF2D4DD92C6CF74F005FCA44 /* FeedView.swift */; };
		DF2D4DE02C6D1731005FCA44 /* Helper+RoundedCorner.swift in Sources */ = {isa = PBXBuildFile; fileRef = DF2D4DDF2C6D1731005FCA44 /* Helper+RoundedCorner.swift */; };
		DF616E5C2C74277300CCDC9D /* NetworkError.swift in Sources */ = {isa = PBXBuildFile; fileRef = DF616E5B2C74277300CCDC9D /* NetworkError.swift */; };
		DF6DC9952C7434EA004A23F7 /* FeedTrackUseCase.swift in Sources */ = {isa = PBXBuildFile; fileRef = DF6DC9942C7434EA004A23F7 /* FeedTrackUseCase.swift */; };
		DF6DC9972C749B84004A23F7 /* FeedTrackService.swift in Sources */ = {isa = PBXBuildFile; fileRef = DF6DC9962C749B84004A23F7 /* FeedTrackService.swift */; };
		DF6DC9992C749BA9004A23F7 /* FeedTrackServiceInterface.swift in Sources */ = {isa = PBXBuildFile; fileRef = DF6DC9982C749BA9004A23F7 /* FeedTrackServiceInterface.swift */; };
		DF6DC99B2C75CB9D004A23F7 /* AppleMusicController.swift in Sources */ = {isa = PBXBuildFile; fileRef = DF6DC99A2C75CB9D004A23F7 /* AppleMusicController.swift */; };
		DF6DC99F2C75DF4B004A23F7 /* AppleMusicDTO.swift in Sources */ = {isa = PBXBuildFile; fileRef = DF6DC99E2C75DF4B004A23F7 /* AppleMusicDTO.swift */; };
		DF91BB6C2C479CE800672155 /* AppleMusicAccountService.swift in Sources */ = {isa = PBXBuildFile; fileRef = DF91BB6B2C479CE800672155 /* AppleMusicAccountService.swift */; };
		DFD110D62C4644D500696FCB /* Helper+Lottie.swift in Sources */ = {isa = PBXBuildFile; fileRef = DFD110D52C4644D500696FCB /* Helper+Lottie.swift */; };
		DFDF9DCC2C6C959F00D5252B /* Music.swift in Sources */ = {isa = PBXBuildFile; fileRef = DFDF9DCB2C6C959F00D5252B /* Music.swift */; };
		DFDF9DCE2C6C95FD00D5252B /* Location.swift in Sources */ = {isa = PBXBuildFile; fileRef = DFDF9DCD2C6C95FD00D5252B /* Location.swift */; };
		DFDF9DD22C6C989200D5252B /* Track.swift in Sources */ = {isa = PBXBuildFile; fileRef = DFDF9DD12C6C989200D5252B /* Track.swift */; };
		DFDF9DD42C6C98FF00D5252B /* Playlist.swift in Sources */ = {isa = PBXBuildFile; fileRef = DFDF9DD32C6C98FF00D5252B /* Playlist.swift */; };
		DFDFAE342C43945600DE1EEB /* AuthType.swift in Sources */ = {isa = PBXBuildFile; fileRef = DFDFAE332C43945600DE1EEB /* AuthType.swift */; };
		DFE27A142C71D5B6002BAD11 /* NetworkManager.swift in Sources */ = {isa = PBXBuildFile; fileRef = DFE27A132C71D5B6002BAD11 /* NetworkManager.swift */; };
		DFE27A162C71E37E002BAD11 /* BaseResponse.swift in Sources */ = {isa = PBXBuildFile; fileRef = DFE27A152C71E37E002BAD11 /* BaseResponse.swift */; };
		DFE27A1A2C71E54F002BAD11 /* TrackFeedService.swift in Sources */ = {isa = PBXBuildFile; fileRef = DFE27A192C71E54F002BAD11 /* TrackFeedService.swift */; };
		DFE27A202C71E78F002BAD11 /* Config.swift in Sources */ = {isa = PBXBuildFile; fileRef = DFE27A1F2C71E78F002BAD11 /* Config.swift */; };
		DFE27A222C71FEE0002BAD11 /* TrackDetailResponse.swift in Sources */ = {isa = PBXBuildFile; fileRef = DFE27A212C71FEE0002BAD11 /* TrackDetailResponse.swift */; };
		DFE27A282C72048F002BAD11 /* TrackDetailRequest.swift in Sources */ = {isa = PBXBuildFile; fileRef = DFE27A272C72048F002BAD11 /* TrackDetailRequest.swift */; };
/* End PBXBuildFile section */

/* Begin PBXFileReference section */
		510E363B2C76BFB6009AD4AC /* PhotoAlbumPicker.swift */ = {isa = PBXFileReference; lastKnownFileType = sourcecode.swift; path = PhotoAlbumPicker.swift; sourceTree = "<group>"; };
		51148CCB2C42F6BA00365853 /* plat_finger_animation_lottie.json */ = {isa = PBXFileReference; fileEncoding = 4; lastKnownFileType = text.json; path = plat_finger_animation_lottie.json; sourceTree = "<group>"; };
		51148CCC2C42F6BA00365853 /* plat_map_animation_lottie.json */ = {isa = PBXFileReference; fileEncoding = 4; lastKnownFileType = text.json; path = plat_map_animation_lottie.json; sourceTree = "<group>"; };
		513DAC9B2C439EA80050DB4F /* LottieAnimationView.swift */ = {isa = PBXFileReference; lastKnownFileType = sourcecode.swift; path = LottieAnimationView.swift; sourceTree = "<group>"; };
		5151BEAA2C71EB73001DA80F /* PlattingView.swift */ = {isa = PBXFileReference; lastKnownFileType = sourcecode.swift; path = PlattingView.swift; sourceTree = "<group>"; };
		5151BEAF2C72D31B001DA80F /* TrackAppendUseCase.swift */ = {isa = PBXFileReference; lastKnownFileType = sourcecode.swift; path = TrackAppendUseCase.swift; sourceTree = "<group>"; };
		5151BEB12C72DA2D001DA80F /* TrackAppendServiceInterface.swift */ = {isa = PBXFileReference; lastKnownFileType = sourcecode.swift; path = TrackAppendServiceInterface.swift; sourceTree = "<group>"; };
		5151BEB32C72DAA5001DA80F /* StubTrackAppendService.swift */ = {isa = PBXFileReference; lastKnownFileType = sourcecode.swift; path = StubTrackAppendService.swift; sourceTree = "<group>"; };
		5151BEB72C742119001DA80F /* TrackAppendContentView.swift */ = {isa = PBXFileReference; lastKnownFileType = sourcecode.swift; path = TrackAppendContentView.swift; sourceTree = "<group>"; };
		5151BEBD2C74D6F3001DA80F /* TrackAppendSearchView.swift */ = {isa = PBXFileReference; lastKnownFileType = sourcecode.swift; path = TrackAppendSearchView.swift; sourceTree = "<group>"; };
		51B4784F2C4379E00008EB37 /* Helper+Text.swift */ = {isa = PBXFileReference; lastKnownFileType = sourcecode.swift; path = "Helper+Text.swift"; sourceTree = "<group>"; };
		51F433312C340DB200FAFD14 /* Colors.xcassets */ = {isa = PBXFileReference; lastKnownFileType = folder.assetcatalog; path = Colors.xcassets; sourceTree = "<group>"; };
		51F433352C3411D400FAFD14 /* Pretendard-SemiBold.ttf */ = {isa = PBXFileReference; lastKnownFileType = file; path = "Pretendard-SemiBold.ttf"; sourceTree = "<group>"; };
		51F433362C3411D400FAFD14 /* Pretendard-ExtraLight.ttf */ = {isa = PBXFileReference; lastKnownFileType = file; path = "Pretendard-ExtraLight.ttf"; sourceTree = "<group>"; };
		51F433372C3411D400FAFD14 /* Pretendard-ExtraBold.ttf */ = {isa = PBXFileReference; lastKnownFileType = file; path = "Pretendard-ExtraBold.ttf"; sourceTree = "<group>"; };
		51F433382C3411D400FAFD14 /* Pretendard-Medium.ttf */ = {isa = PBXFileReference; lastKnownFileType = file; path = "Pretendard-Medium.ttf"; sourceTree = "<group>"; };
		51F433392C3411D500FAFD14 /* Pretendard-Black.ttf */ = {isa = PBXFileReference; lastKnownFileType = file; path = "Pretendard-Black.ttf"; sourceTree = "<group>"; };
		51F4333A2C3411D500FAFD14 /* Pretendard-Thin.ttf */ = {isa = PBXFileReference; lastKnownFileType = file; path = "Pretendard-Thin.ttf"; sourceTree = "<group>"; };
		51F4333B2C3411D500FAFD14 /* Pretendard-Bold.ttf */ = {isa = PBXFileReference; lastKnownFileType = file; path = "Pretendard-Bold.ttf"; sourceTree = "<group>"; };
		51F4333C2C3411D500FAFD14 /* Pretendard-Regular.ttf */ = {isa = PBXFileReference; lastKnownFileType = file; path = "Pretendard-Regular.ttf"; sourceTree = "<group>"; };
		51F4333D2C3411D500FAFD14 /* Pretendard-Light.ttf */ = {isa = PBXFileReference; lastKnownFileType = file; path = "Pretendard-Light.ttf"; sourceTree = "<group>"; };
		51F433472C3411ED00FAFD14 /* Info.plist */ = {isa = PBXFileReference; lastKnownFileType = text.plist; path = Info.plist; sourceTree = "<group>"; };
		51F433492C3413CB00FAFD14 /* Helper+PretendardFont.swift */ = {isa = PBXFileReference; lastKnownFileType = sourcecode.swift; path = "Helper+PretendardFont.swift"; sourceTree = "<group>"; };
		790AF0692C6DD1640005FA9A /* TrackMapView.swift */ = {isa = PBXFileReference; lastKnownFileType = sourcecode.swift; path = TrackMapView.swift; sourceTree = "<group>"; };
		791FEF892C771CDE006CBDE0 /* UserSessionServiceInterface.swift */ = {isa = PBXFileReference; lastKnownFileType = sourcecode.swift; path = UserSessionServiceInterface.swift; sourceTree = "<group>"; };
		791FEF8B2C771E7B006CBDE0 /* StubUserProfileService.swift */ = {isa = PBXFileReference; lastKnownFileType = sourcecode.swift; path = StubUserProfileService.swift; sourceTree = "<group>"; };
		791FEF8D2C771FD6006CBDE0 /* StubUserSessionService.swift */ = {isa = PBXFileReference; lastKnownFileType = sourcecode.swift; path = StubUserSessionService.swift; sourceTree = "<group>"; };
		793278052C2D014500F433F5 /* PLAT.app */ = {isa = PBXFileReference; explicitFileType = wrapper.application; includeInIndex = 0; path = PLAT.app; sourceTree = BUILT_PRODUCTS_DIR; };
		793278082C2D014500F433F5 /* PLATApp.swift */ = {isa = PBXFileReference; lastKnownFileType = sourcecode.swift; path = PLATApp.swift; sourceTree = "<group>"; };
		7932780A2C2D014500F433F5 /* OnboardingView.swift */ = {isa = PBXFileReference; lastKnownFileType = sourcecode.swift; path = OnboardingView.swift; sourceTree = "<group>"; };
		7932780C2C2D014600F433F5 /* Assets.xcassets */ = {isa = PBXFileReference; lastKnownFileType = folder.assetcatalog; path = Assets.xcassets; sourceTree = "<group>"; };
		7932780F2C2D014600F433F5 /* Preview Assets.xcassets */ = {isa = PBXFileReference; lastKnownFileType = folder.assetcatalog; path = "Preview Assets.xcassets"; sourceTree = "<group>"; };
		793509C12C393BA40098B073 /* ListSection.swift */ = {isa = PBXFileReference; lastKnownFileType = sourcecode.swift; path = ListSection.swift; sourceTree = "<group>"; };
		796465992C3A5C2400F6DC2D /* Helper+Preview.swift */ = {isa = PBXFileReference; lastKnownFileType = sourcecode.swift; path = "Helper+Preview.swift"; sourceTree = "<group>"; };
		7964659B2C3A5F1800F6DC2D /* StubInfoService.swift */ = {isa = PBXFileReference; lastKnownFileType = sourcecode.swift; path = StubInfoService.swift; sourceTree = "<group>"; };
		7964659D2C3A649600F6DC2D /* PlatTextField.swift */ = {isa = PBXFileReference; lastKnownFileType = sourcecode.swift; path = PlatTextField.swift; sourceTree = "<group>"; };
		7964659F2C3A6F2E00F6DC2D /* ActionButton.swift */ = {isa = PBXFileReference; lastKnownFileType = sourcecode.swift; path = ActionButton.swift; sourceTree = "<group>"; };
		796465A12C3A79BD00F6DC2D /* Icons.xcassets */ = {isa = PBXFileReference; lastKnownFileType = folder.assetcatalog; path = Icons.xcassets; sourceTree = "<group>"; };
		796465A32C3A7CF100F6DC2D /* StubStreamAccountService.swift */ = {isa = PBXFileReference; lastKnownFileType = sourcecode.swift; path = StubStreamAccountService.swift; sourceTree = "<group>"; };
		796465A52C3A82A200F6DC2D /* ListRadioButton.swift */ = {isa = PBXFileReference; lastKnownFileType = sourcecode.swift; path = ListRadioButton.swift; sourceTree = "<group>"; };
		79842E8B2C7225FD0062F825 /* LocationManager.swift */ = {isa = PBXFileReference; lastKnownFileType = sourcecode.swift; path = LocationManager.swift; sourceTree = "<group>"; };
		79A09D4D2C391BA2006F14F4 /* MainView.swift */ = {isa = PBXFileReference; lastKnownFileType = sourcecode.swift; path = MainView.swift; sourceTree = "<group>"; };
		79A09D4F2C391C4A006F14F4 /* Tab.swift */ = {isa = PBXFileReference; lastKnownFileType = sourcecode.swift; path = Tab.swift; sourceTree = "<group>"; };
		79B48AF62C413B5600A73CA0 /* SettingPath.swift */ = {isa = PBXFileReference; lastKnownFileType = sourcecode.swift; path = SettingPath.swift; sourceTree = "<group>"; };
		79FC51432C6DD63200489507 /* TrackMapUseCase.swift */ = {isa = PBXFileReference; lastKnownFileType = sourcecode.swift; path = TrackMapUseCase.swift; sourceTree = "<group>"; };
		79FC51452C6DD78B00489507 /* TrackMapServiceInterface.swift */ = {isa = PBXFileReference; lastKnownFileType = sourcecode.swift; path = TrackMapServiceInterface.swift; sourceTree = "<group>"; };
		79FC51492C6DEA6600489507 /* StubTrackMapService.swift */ = {isa = PBXFileReference; lastKnownFileType = sourcecode.swift; path = StubTrackMapService.swift; sourceTree = "<group>"; };
		820836762C34001D00F6D0CF /* AppleSocialLoginService.swift */ = {isa = PBXFileReference; lastKnownFileType = sourcecode.swift; path = AppleSocialLoginService.swift; sourceTree = "<group>"; };
		820836782C34002D00F6D0CF /* Platter.swift */ = {isa = PBXFileReference; lastKnownFileType = sourcecode.swift; path = Platter.swift; sourceTree = "<group>"; };
		8208367B2C34005400F6D0CF /* AuthUseCase.swift */ = {isa = PBXFileReference; lastKnownFileType = sourcecode.swift; path = AuthUseCase.swift; sourceTree = "<group>"; };
		8208367E2C34012E00F6D0CF /* SocialLoginServiceInterface.swift */ = {isa = PBXFileReference; lastKnownFileType = sourcecode.swift; path = SocialLoginServiceInterface.swift; sourceTree = "<group>"; };
		820836802C34030C00F6D0CF /* LoginView.swift */ = {isa = PBXFileReference; lastKnownFileType = sourcecode.swift; path = LoginView.swift; sourceTree = "<group>"; };
		820836822C3403A700F6D0CF /* SelectStreamAccountView.swift */ = {isa = PBXFileReference; lastKnownFileType = sourcecode.swift; path = SelectStreamAccountView.swift; sourceTree = "<group>"; };
		820836842C3403B400F6D0CF /* UserDetailView.swift */ = {isa = PBXFileReference; lastKnownFileType = sourcecode.swift; path = UserDetailView.swift; sourceTree = "<group>"; };
		820836862C3403C600F6D0CF /* NicknameSettingsView.swift */ = {isa = PBXFileReference; lastKnownFileType = sourcecode.swift; path = NicknameSettingsView.swift; sourceTree = "<group>"; };
		820836882C3403DD00F6D0CF /* AccountSettingsView.swift */ = {isa = PBXFileReference; lastKnownFileType = sourcecode.swift; path = AccountSettingsView.swift; sourceTree = "<group>"; };
		8208368C2C34043700F6D0CF /* StreamAccountSettingsView.swift */ = {isa = PBXFileReference; lastKnownFileType = sourcecode.swift; path = StreamAccountSettingsView.swift; sourceTree = "<group>"; };
		8208368E2C34044800F6D0CF /* AboutPlatSettingsView.swift */ = {isa = PBXFileReference; lastKnownFileType = sourcecode.swift; path = AboutPlatSettingsView.swift; sourceTree = "<group>"; };
		820836902C34047C00F6D0CF /* StreamAccountUseCase.swift */ = {isa = PBXFileReference; lastKnownFileType = sourcecode.swift; path = StreamAccountUseCase.swift; sourceTree = "<group>"; };
		820836922C3404C700F6D0CF /* StreamAccountServiceInterface.swift */ = {isa = PBXFileReference; lastKnownFileType = sourcecode.swift; path = StreamAccountServiceInterface.swift; sourceTree = "<group>"; };
		820836942C34050000F6D0CF /* UserUseCase.swift */ = {isa = PBXFileReference; lastKnownFileType = sourcecode.swift; path = UserUseCase.swift; sourceTree = "<group>"; };
		820836962C3405B000F6D0CF /* UserProfileServiceInterface.swift */ = {isa = PBXFileReference; lastKnownFileType = sourcecode.swift; path = UserProfileServiceInterface.swift; sourceTree = "<group>"; };
		820836982C34064400F6D0CF /* StreamAccount.swift */ = {isa = PBXFileReference; lastKnownFileType = sourcecode.swift; path = StreamAccount.swift; sourceTree = "<group>"; };
		8208369A2C34084B00F6D0CF /* InfoUseCase.swift */ = {isa = PBXFileReference; lastKnownFileType = sourcecode.swift; path = InfoUseCase.swift; sourceTree = "<group>"; };
		8208369C2C34086300F6D0CF /* InfoServiceInterface.swift */ = {isa = PBXFileReference; lastKnownFileType = sourcecode.swift; path = InfoServiceInterface.swift; sourceTree = "<group>"; };
		8269333A2C71D1810004E0B5 /* MusicControlUseCase.swift */ = {isa = PBXFileReference; lastKnownFileType = sourcecode.swift; path = MusicControlUseCase.swift; sourceTree = "<group>"; };
		826933442C71FF5B0004E0B5 /* AppDelegate.swift */ = {isa = PBXFileReference; lastKnownFileType = sourcecode.swift; path = AppDelegate.swift; sourceTree = "<group>"; };
		826933462C71FFE20004E0B5 /* SceneDelegate.swift */ = {isa = PBXFileReference; lastKnownFileType = sourcecode.swift; path = SceneDelegate.swift; sourceTree = "<group>"; };
		826933482C7207310004E0B5 /* Helper+Log.swift */ = {isa = PBXFileReference; lastKnownFileType = sourcecode.swift; path = "Helper+Log.swift"; sourceTree = "<group>"; };
		82721EE72C8C229E00CA2C9A /* NetworkLog.swift */ = {isa = PBXFileReference; lastKnownFileType = sourcecode.swift; path = NetworkLog.swift; sourceTree = "<group>"; };
		827A1DDF2C2D9B3200C40046 /* .swiftlint.yml */ = {isa = PBXFileReference; lastKnownFileType = text.yaml; path = .swiftlint.yml; sourceTree = "<group>"; };
		82A36ED42C6DE24B00F6E6E2 /* StubMusicController.swift */ = {isa = PBXFileReference; lastKnownFileType = sourcecode.swift; path = StubMusicController.swift; sourceTree = "<group>"; };
		82A36ED62C6DE26E00F6E6E2 /* StubTrackService.swift */ = {isa = PBXFileReference; lastKnownFileType = sourcecode.swift; path = StubTrackService.swift; sourceTree = "<group>"; };
		82A36ED82C6DE31500F6E6E2 /* MockDataBuilder.swift */ = {isa = PBXFileReference; lastKnownFileType = sourcecode.swift; path = MockDataBuilder.swift; sourceTree = "<group>"; };
		82A36EDA2C6DE8E000F6E6E2 /* Place.swift */ = {isa = PBXFileReference; lastKnownFileType = sourcecode.swift; path = Place.swift; sourceTree = "<group>"; };
		82A36EDC2C6DF50D00F6E6E2 /* DismissButton.swift */ = {isa = PBXFileReference; lastKnownFileType = sourcecode.swift; path = DismissButton.swift; sourceTree = "<group>"; };
		82A825112C6E1D400084D7E8 /* MusicSeekBar.swift */ = {isa = PBXFileReference; lastKnownFileType = sourcecode.swift; path = MusicSeekBar.swift; sourceTree = "<group>"; };
		82A825132C6E2A400084D7E8 /* Helper+StringFormatter.swift */ = {isa = PBXFileReference; lastKnownFileType = sourcecode.swift; path = "Helper+StringFormatter.swift"; sourceTree = "<group>"; };
		82A825152C6E30D00084D7E8 /* MusicIndicator.swift */ = {isa = PBXFileReference; lastKnownFileType = sourcecode.swift; path = MusicIndicator.swift; sourceTree = "<group>"; };
		82A825172C6E3B060084D7E8 /* Helper+DateFormatter.swift */ = {isa = PBXFileReference; lastKnownFileType = sourcecode.swift; path = "Helper+DateFormatter.swift"; sourceTree = "<group>"; };
		82A8251B2C71BE020084D7E8 /* MiniMusicPlayer.swift */ = {isa = PBXFileReference; lastKnownFileType = sourcecode.swift; path = MiniMusicPlayer.swift; sourceTree = "<group>"; };
		82C06F532C6DD977000FEE3A /* TrackDetailView.swift */ = {isa = PBXFileReference; lastKnownFileType = sourcecode.swift; path = TrackDetailView.swift; sourceTree = "<group>"; };
		82C06F552C6DD9B1000FEE3A /* MusicControllerInterface.swift */ = {isa = PBXFileReference; lastKnownFileType = sourcecode.swift; path = MusicControllerInterface.swift; sourceTree = "<group>"; };
		82C06F572C6DDC3E000FEE3A /* TrackServiceInterface.swift */ = {isa = PBXFileReference; lastKnownFileType = sourcecode.swift; path = TrackServiceInterface.swift; sourceTree = "<group>"; };
		82C06F592C6DDECF000FEE3A /* TrackDetailUseCase.swift */ = {isa = PBXFileReference; lastKnownFileType = sourcecode.swift; path = TrackDetailUseCase.swift; sourceTree = "<group>"; };
		82C9A5282C75689E00C57916 /* TrackAppendToPlaylistSheet.swift */ = {isa = PBXFileReference; lastKnownFileType = sourcecode.swift; path = TrackAppendToPlaylistSheet.swift; sourceTree = "<group>"; };
		82C9A52D2C75D9D400C57916 /* Constant.swift */ = {isa = PBXFileReference; lastKnownFileType = sourcecode.swift; path = Constant.swift; sourceTree = "<group>"; };
		82C9A5302C75DD0D00C57916 /* SystemImage.swift */ = {isa = PBXFileReference; lastKnownFileType = sourcecode.swift; path = SystemImage.swift; sourceTree = "<group>"; };
		82C9A53B2C87228500C57916 /* API.swift */ = {isa = PBXFileReference; lastKnownFileType = sourcecode.swift; path = API.swift; sourceTree = "<group>"; };
		82C9A53D2C8725B100C57916 /* Helper+RawRepresentable.swift */ = {isa = PBXFileReference; lastKnownFileType = sourcecode.swift; path = "Helper+RawRepresentable.swift"; sourceTree = "<group>"; };
		82C9A53F2C8729D500C57916 /* PlatAPI.swift */ = {isa = PBXFileReference; lastKnownFileType = sourcecode.swift; path = PlatAPI.swift; sourceTree = "<group>"; };
		DF2D4DD92C6CF74F005FCA44 /* FeedView.swift */ = {isa = PBXFileReference; lastKnownFileType = sourcecode.swift; path = FeedView.swift; sourceTree = "<group>"; };
		DF2D4DDF2C6D1731005FCA44 /* Helper+RoundedCorner.swift */ = {isa = PBXFileReference; lastKnownFileType = sourcecode.swift; path = "Helper+RoundedCorner.swift"; sourceTree = "<group>"; };
		DF616E592C7340CC00CCDC9D /* Config.xcconfig */ = {isa = PBXFileReference; lastKnownFileType = text.xcconfig; path = Config.xcconfig; sourceTree = "<group>"; };
		DF616E5B2C74277300CCDC9D /* NetworkError.swift */ = {isa = PBXFileReference; lastKnownFileType = sourcecode.swift; path = NetworkError.swift; sourceTree = "<group>"; };
		DF6DC9942C7434EA004A23F7 /* FeedTrackUseCase.swift */ = {isa = PBXFileReference; lastKnownFileType = sourcecode.swift; path = FeedTrackUseCase.swift; sourceTree = "<group>"; };
		DF6DC9962C749B84004A23F7 /* FeedTrackService.swift */ = {isa = PBXFileReference; lastKnownFileType = sourcecode.swift; path = FeedTrackService.swift; sourceTree = "<group>"; };
		DF6DC9982C749BA9004A23F7 /* FeedTrackServiceInterface.swift */ = {isa = PBXFileReference; lastKnownFileType = sourcecode.swift; path = FeedTrackServiceInterface.swift; sourceTree = "<group>"; };
		DF6DC99A2C75CB9D004A23F7 /* AppleMusicController.swift */ = {isa = PBXFileReference; lastKnownFileType = sourcecode.swift; path = AppleMusicController.swift; sourceTree = "<group>"; };
		DF6DC99E2C75DF4B004A23F7 /* AppleMusicDTO.swift */ = {isa = PBXFileReference; lastKnownFileType = sourcecode.swift; path = AppleMusicDTO.swift; sourceTree = "<group>"; };
		DF91BB6B2C479CE800672155 /* AppleMusicAccountService.swift */ = {isa = PBXFileReference; lastKnownFileType = sourcecode.swift; path = AppleMusicAccountService.swift; sourceTree = "<group>"; };
		DFA3F9C82C3FB7FF007B5DF7 /* PLAT.entitlements */ = {isa = PBXFileReference; lastKnownFileType = text.plist.entitlements; path = PLAT.entitlements; sourceTree = "<group>"; };
		DFD110D52C4644D500696FCB /* Helper+Lottie.swift */ = {isa = PBXFileReference; lastKnownFileType = sourcecode.swift; path = "Helper+Lottie.swift"; sourceTree = "<group>"; };
		DFDF9DCB2C6C959F00D5252B /* Music.swift */ = {isa = PBXFileReference; lastKnownFileType = sourcecode.swift; path = Music.swift; sourceTree = "<group>"; };
		DFDF9DCD2C6C95FD00D5252B /* Location.swift */ = {isa = PBXFileReference; lastKnownFileType = sourcecode.swift; path = Location.swift; sourceTree = "<group>"; };
		DFDF9DD12C6C989200D5252B /* Track.swift */ = {isa = PBXFileReference; lastKnownFileType = sourcecode.swift; path = Track.swift; sourceTree = "<group>"; };
		DFDF9DD32C6C98FF00D5252B /* Playlist.swift */ = {isa = PBXFileReference; lastKnownFileType = sourcecode.swift; path = Playlist.swift; sourceTree = "<group>"; };
		DFDFAE332C43945600DE1EEB /* AuthType.swift */ = {isa = PBXFileReference; lastKnownFileType = sourcecode.swift; path = AuthType.swift; sourceTree = "<group>"; };
		DFE27A132C71D5B6002BAD11 /* NetworkManager.swift */ = {isa = PBXFileReference; lastKnownFileType = sourcecode.swift; path = NetworkManager.swift; sourceTree = "<group>"; };
		DFE27A152C71E37E002BAD11 /* BaseResponse.swift */ = {isa = PBXFileReference; lastKnownFileType = sourcecode.swift; path = BaseResponse.swift; sourceTree = "<group>"; };
		DFE27A192C71E54F002BAD11 /* TrackFeedService.swift */ = {isa = PBXFileReference; lastKnownFileType = sourcecode.swift; path = TrackFeedService.swift; sourceTree = "<group>"; };
		DFE27A1F2C71E78F002BAD11 /* Config.swift */ = {isa = PBXFileReference; lastKnownFileType = sourcecode.swift; path = Config.swift; sourceTree = "<group>"; };
		DFE27A212C71FEE0002BAD11 /* TrackDetailResponse.swift */ = {isa = PBXFileReference; lastKnownFileType = sourcecode.swift; path = TrackDetailResponse.swift; sourceTree = "<group>"; };
		DFE27A272C72048F002BAD11 /* TrackDetailRequest.swift */ = {isa = PBXFileReference; lastKnownFileType = sourcecode.swift; path = TrackDetailRequest.swift; sourceTree = "<group>"; };
/* End PBXFileReference section */

/* Begin PBXFrameworksBuildPhase section */
		793278022C2D014500F433F5 /* Frameworks */ = {
			isa = PBXFrameworksBuildPhase;
			buildActionMask = 2147483647;
			files = (
				518B4EF02C3EE27F005FF553 /* Lottie in Frameworks */,
			);
			runOnlyForDeploymentPostprocessing = 0;
		};
/* End PBXFrameworksBuildPhase section */

/* Begin PBXGroup section */
		51148CCA2C42F69D00365853 /* Lotties */ = {
			isa = PBXGroup;
			children = (
				51148CCB2C42F6BA00365853 /* plat_finger_animation_lottie.json */,
				51148CCC2C42F6BA00365853 /* plat_map_animation_lottie.json */,
			);
			path = Lotties;
			sourceTree = "<group>";
		};
		5151BEA92C71EAB5001DA80F /* Platting */ = {
			isa = PBXGroup;
			children = (
				5151BEAA2C71EB73001DA80F /* PlattingView.swift */,
			);
			path = Platting;
			sourceTree = "<group>";
		};
		5151BEAC2C72700E001DA80F /* TrackAppend */ = {
			isa = PBXGroup;
			children = (
				5151BEB72C742119001DA80F /* TrackAppendContentView.swift */,
				5151BEBD2C74D6F3001DA80F /* TrackAppendSearchView.swift */,
				510E363B2C76BFB6009AD4AC /* PhotoAlbumPicker.swift */,
			);
			path = TrackAppend;
			sourceTree = "<group>";
		};
		51F433332C34115900FAFD14 /* Fonts */ = {
			isa = PBXGroup;
			children = (
				51F433342C34116500FAFD14 /* Pretendard */,
			);
			path = Fonts;
			sourceTree = "<group>";
		};
		51F433342C34116500FAFD14 /* Pretendard */ = {
			isa = PBXGroup;
			children = (
				51F433392C3411D500FAFD14 /* Pretendard-Black.ttf */,
				51F4333B2C3411D500FAFD14 /* Pretendard-Bold.ttf */,
				51F433372C3411D400FAFD14 /* Pretendard-ExtraBold.ttf */,
				51F433362C3411D400FAFD14 /* Pretendard-ExtraLight.ttf */,
				51F4333D2C3411D500FAFD14 /* Pretendard-Light.ttf */,
				51F433382C3411D400FAFD14 /* Pretendard-Medium.ttf */,
				51F4333C2C3411D500FAFD14 /* Pretendard-Regular.ttf */,
				51F433352C3411D400FAFD14 /* Pretendard-SemiBold.ttf */,
				51F4333A2C3411D500FAFD14 /* Pretendard-Thin.ttf */,
			);
			path = Pretendard;
			sourceTree = "<group>";
		};
		51F433482C34138600FAFD14 /* Helper */ = {
			isa = PBXGroup;
			children = (
				51F433492C3413CB00FAFD14 /* Helper+PretendardFont.swift */,
				82A825132C6E2A400084D7E8 /* Helper+StringFormatter.swift */,
				82A825172C6E3B060084D7E8 /* Helper+DateFormatter.swift */,
				796465992C3A5C2400F6DC2D /* Helper+Preview.swift */,
				51B4784F2C4379E00008EB37 /* Helper+Text.swift */,
				DFD110D52C4644D500696FCB /* Helper+Lottie.swift */,
				826933482C7207310004E0B5 /* Helper+Log.swift */,
				DF2D4DDF2C6D1731005FCA44 /* Helper+RoundedCorner.swift */,
				82C9A53D2C8725B100C57916 /* Helper+RawRepresentable.swift */,
			);
			path = Helper;
			sourceTree = "<group>";
		};
		790AF0682C6DD13F0005FA9A /* TrackMap */ = {
			isa = PBXGroup;
			children = (
				790AF0692C6DD1640005FA9A /* TrackMapView.swift */,
			);
			path = TrackMap;
			sourceTree = "<group>";
		};
		793277FC2C2D014500F433F5 = {
			isa = PBXGroup;
			children = (
				827A1DDF2C2D9B3200C40046 /* .swiftlint.yml */,
				793278072C2D014500F433F5 /* PLAT */,
				793278062C2D014500F433F5 /* Products */,
			);
			sourceTree = "<group>";
		};
		793278062C2D014500F433F5 /* Products */ = {
			isa = PBXGroup;
			children = (
				793278052C2D014500F433F5 /* PLAT.app */,
			);
			name = Products;
			sourceTree = "<group>";
		};
		793278072C2D014500F433F5 /* PLAT */ = {
			isa = PBXGroup;
			children = (
				DFA3F9C82C3FB7FF007B5DF7 /* PLAT.entitlements */,
				51F433472C3411ED00FAFD14 /* Info.plist */,
				820836702C33FFAE00F6D0CF /* App */,
				820836732C33FFF500F6D0CF /* Domain */,
				DFE27A122C71D43F002BAD11 /* Network */,
				820836712C33FFD000F6D0CF /* Presentaion */,
				51F433482C34138600FAFD14 /* Helper */,
				820836722C33FFDA00F6D0CF /* Resource */,
				7932780E2C2D014600F433F5 /* Preview Content */,
			);
			path = PLAT;
			sourceTree = "<group>";
		};
		7932780E2C2D014600F433F5 /* Preview Content */ = {
			isa = PBXGroup;
			children = (
				7932780F2C2D014600F433F5 /* Preview Assets.xcassets */,
			);
			path = "Preview Content";
			sourceTree = "<group>";
		};
		793509C02C393B4F0098B073 /* Component */ = {
			isa = PBXGroup;
			children = (
				793509C12C393BA40098B073 /* ListSection.swift */,
				7964659D2C3A649600F6DC2D /* PlatTextField.swift */,
				7964659F2C3A6F2E00F6DC2D /* ActionButton.swift */,
				796465A52C3A82A200F6DC2D /* ListRadioButton.swift */,
				513DAC9B2C439EA80050DB4F /* LottieAnimationView.swift */,
				82A36EDC2C6DF50D00F6E6E2 /* DismissButton.swift */,
				82A825112C6E1D400084D7E8 /* MusicSeekBar.swift */,
				82A825152C6E30D00084D7E8 /* MusicIndicator.swift */,
				82A8251B2C71BE020084D7E8 /* MiniMusicPlayer.swift */,
			);
			path = Component;
			sourceTree = "<group>";
		};
		79A09D4C2C391B97006F14F4 /* Main */ = {
			isa = PBXGroup;
			children = (
				79A09D4D2C391BA2006F14F4 /* MainView.swift */,
			);
			path = Main;
			sourceTree = "<group>";
		};
		79B48AF52C413B2B00A73CA0 /* Path */ = {
			isa = PBXGroup;
			children = (
				79B48AF62C413B5600A73CA0 /* SettingPath.swift */,
			);
			path = Path;
			sourceTree = "<group>";
		};
		820836702C33FFAE00F6D0CF /* App */ = {
			isa = PBXGroup;
			children = (
				793278082C2D014500F433F5 /* PLATApp.swift */,
				826933442C71FF5B0004E0B5 /* AppDelegate.swift */,
				826933462C71FFE20004E0B5 /* SceneDelegate.swift */,
			);
			path = App;
			sourceTree = "<group>";
		};
		820836712C33FFD000F6D0CF /* Presentaion */ = {
			isa = PBXGroup;
			children = (
				793509C02C393B4F0098B073 /* Component */,
				79A09D4C2C391B97006F14F4 /* Main */,
				5151BEAC2C72700E001DA80F /* TrackAppend */,
				5151BEA92C71EAB5001DA80F /* Platting */,
				790AF0682C6DD13F0005FA9A /* TrackMap */,
				82C06F522C6DD961000FEE3A /* TrackDetail */,
				8208368A2C3403EE00F6D0CF /* Register */,
				8208368B2C3403FB00F6D0CF /* Settings */,
				DFE27A2F2C721DC7002BAD11 /* Feed */,
			);
			path = Presentaion;
			sourceTree = "<group>";
		};
		820836722C33FFDA00F6D0CF /* Resource */ = {
			isa = PBXGroup;
			children = (
				82C9A5322C77789C00C57916 /* Assets */,
				82C9A52F2C75DD0400C57916 /* SystemImage */,
				51148CCA2C42F69D00365853 /* Lotties */,
				51F433332C34115900FAFD14 /* Fonts */,
			);
			path = Resource;
			sourceTree = "<group>";
		};
		820836732C33FFF500F6D0CF /* Domain */ = {
			isa = PBXGroup;
			children = (
				79B48AF52C413B2B00A73CA0 /* Path */,
				8208369E2C3409E200F6D0CF /* Entity */,
				8208367A2C34003D00F6D0CF /* UseCase */,
				8208367D2C34010200F6D0CF /* Interface */,
				82C9A52C2C75D9C100C57916 /* Constant */,
			);
			path = Domain;
			sourceTree = "<group>";
		};
		820836742C33FFFC00F6D0CF /* Data */ = {
			isa = PBXGroup;
			children = (
				82C9A5392C87223D00C57916 /* Service */,
				82C9A5332C77798D00C57916 /* Stub */,
				8269334A2C720A510004E0B5 /* DTO */,
			);
			path = Data;
			sourceTree = "<group>";
		};
		8208367A2C34003D00F6D0CF /* UseCase */ = {
			isa = PBXGroup;
			children = (
				8208367B2C34005400F6D0CF /* AuthUseCase.swift */,
				820836902C34047C00F6D0CF /* StreamAccountUseCase.swift */,
				820836942C34050000F6D0CF /* UserUseCase.swift */,
				8208369A2C34084B00F6D0CF /* InfoUseCase.swift */,
				79FC51432C6DD63200489507 /* TrackMapUseCase.swift */,
				82C06F592C6DDECF000FEE3A /* TrackDetailUseCase.swift */,
				5151BEAF2C72D31B001DA80F /* TrackAppendUseCase.swift */,
				8269333A2C71D1810004E0B5 /* MusicControlUseCase.swift */,
				DF6DC9942C7434EA004A23F7 /* FeedTrackUseCase.swift */,
			);
			path = UseCase;
			sourceTree = "<group>";
		};
		8208367D2C34010200F6D0CF /* Interface */ = {
			isa = PBXGroup;
			children = (
				8208367E2C34012E00F6D0CF /* SocialLoginServiceInterface.swift */,
				820836922C3404C700F6D0CF /* StreamAccountServiceInterface.swift */,
				820836962C3405B000F6D0CF /* UserProfileServiceInterface.swift */,
				8208369C2C34086300F6D0CF /* InfoServiceInterface.swift */,
				79FC51452C6DD78B00489507 /* TrackMapServiceInterface.swift */,
				82C06F552C6DD9B1000FEE3A /* MusicControllerInterface.swift */,
				82C06F572C6DDC3E000FEE3A /* TrackServiceInterface.swift */,
				5151BEB12C72DA2D001DA80F /* TrackAppendServiceInterface.swift */,
				DF6DC9982C749BA9004A23F7 /* FeedTrackServiceInterface.swift */,
				791FEF892C771CDE006CBDE0 /* UserSessionServiceInterface.swift */,
			);
			path = Interface;
			sourceTree = "<group>";
		};
		8208368A2C3403EE00F6D0CF /* Register */ = {
			isa = PBXGroup;
			children = (
				7932780A2C2D014500F433F5 /* OnboardingView.swift */,
				820836802C34030C00F6D0CF /* LoginView.swift */,
				820836822C3403A700F6D0CF /* SelectStreamAccountView.swift */,
			);
			path = Register;
			sourceTree = "<group>";
		};
		8208368B2C3403FB00F6D0CF /* Settings */ = {
			isa = PBXGroup;
			children = (
				820836842C3403B400F6D0CF /* UserDetailView.swift */,
				820836862C3403C600F6D0CF /* NicknameSettingsView.swift */,
				820836882C3403DD00F6D0CF /* AccountSettingsView.swift */,
				8208368C2C34043700F6D0CF /* StreamAccountSettingsView.swift */,
				8208368E2C34044800F6D0CF /* AboutPlatSettingsView.swift */,
			);
			path = Settings;
			sourceTree = "<group>";
		};
		8208369E2C3409E200F6D0CF /* Entity */ = {
			isa = PBXGroup;
			children = (
				DFDF9DD32C6C98FF00D5252B /* Playlist.swift */,
				DFDF9DD12C6C989200D5252B /* Track.swift */,
				DFDF9DCB2C6C959F00D5252B /* Music.swift */,
				DFDF9DCD2C6C95FD00D5252B /* Location.swift */,
				82A36EDA2C6DE8E000F6E6E2 /* Place.swift */,
				820836782C34002D00F6D0CF /* Platter.swift */,
				820836982C34064400F6D0CF /* StreamAccount.swift */,
				DFDFAE332C43945600DE1EEB /* AuthType.swift */,
				79A09D4F2C391C4A006F14F4 /* Tab.swift */,
			);
			path = Entity;
			sourceTree = "<group>";
		};
		8269334A2C720A510004E0B5 /* DTO */ = {
			isa = PBXGroup;
			children = (
				DF6DC99E2C75DF4B004A23F7 /* AppleMusicDTO.swift */,
			);
			path = DTO;
			sourceTree = "<group>";
		};
		82C06F522C6DD961000FEE3A /* TrackDetail */ = {
			isa = PBXGroup;
			children = (
				82C06F532C6DD977000FEE3A /* TrackDetailView.swift */,
				82C9A5282C75689E00C57916 /* TrackAppendToPlaylistSheet.swift */,
			);
			path = TrackDetail;
			sourceTree = "<group>";
		};
		82C9A52C2C75D9C100C57916 /* Constant */ = {
			isa = PBXGroup;
			children = (
				820836742C33FFFC00F6D0CF /* Data */,
				82C9A52D2C75D9D400C57916 /* Constant.swift */,
			);
			path = Constant;
			sourceTree = "<group>";
		};
		82C9A52F2C75DD0400C57916 /* SystemImage */ = {
			isa = PBXGroup;
			children = (
				82C9A5302C75DD0D00C57916 /* SystemImage.swift */,
			);
			path = SystemImage;
			sourceTree = "<group>";
		};
		82C9A5322C77789C00C57916 /* Assets */ = {
			isa = PBXGroup;
			children = (
				7932780C2C2D014600F433F5 /* Assets.xcassets */,
				796465A12C3A79BD00F6DC2D /* Icons.xcassets */,
				51F433312C340DB200FAFD14 /* Colors.xcassets */,
			);
			path = Assets;
			sourceTree = "<group>";
		};
		82C9A5332C77798D00C57916 /* Stub */ = {
			isa = PBXGroup;
			children = (
				82A36ED82C6DE31500F6E6E2 /* MockDataBuilder.swift */,
				5151BEB32C72DAA5001DA80F /* StubTrackAppendService.swift */,
				791FEF8B2C771E7B006CBDE0 /* StubUserProfileService.swift */,
				791FEF8D2C771FD6006CBDE0 /* StubUserSessionService.swift */,
				7964659B2C3A5F1800F6DC2D /* StubInfoService.swift */,
				796465A32C3A7CF100F6DC2D /* StubStreamAccountService.swift */,
				79FC51492C6DEA6600489507 /* StubTrackMapService.swift */,
				82A36ED42C6DE24B00F6E6E2 /* StubMusicController.swift */,
				82A36ED62C6DE26E00F6E6E2 /* StubTrackService.swift */,
			);
			path = Stub;
			sourceTree = "<group>";
		};
		82C9A5392C87223D00C57916 /* Service */ = {
			isa = PBXGroup;
			children = (
				820836762C34001D00F6D0CF /* AppleSocialLoginService.swift */,
				DF91BB6B2C479CE800672155 /* AppleMusicAccountService.swift */,
				DF6DC99A2C75CB9D004A23F7 /* AppleMusicController.swift */,
				79842E8B2C7225FD0062F825 /* LocationManager.swift */,
				DF6DC9962C749B84004A23F7 /* FeedTrackService.swift */,
			);
			path = Service;
			sourceTree = "<group>";
		};
		82C9A53A2C87227A00C57916 /* API */ = {
			isa = PBXGroup;
			children = (
				82C9A53B2C87228500C57916 /* API.swift */,
				82C9A53F2C8729D500C57916 /* PlatAPI.swift */,
			);
			path = API;
			sourceTree = "<group>";
		};
		DF616E5A2C741A7F00CCDC9D /* DTO */ = {
			isa = PBXGroup;
			children = (
				DFE27A152C71E37E002BAD11 /* BaseResponse.swift */,
				DF616E5B2C74277300CCDC9D /* NetworkError.swift */,
				DFE27A262C720467002BAD11 /* TrackDetail */,
			);
			name = DTO;
			path = Service/DTO;
			sourceTree = "<group>";
		};
		DFE27A122C71D43F002BAD11 /* Network */ = {
			isa = PBXGroup;
			children = (
				DFE27A132C71D5B6002BAD11 /* NetworkManager.swift */,
				82721EE72C8C229E00CA2C9A /* NetworkLog.swift */,
				DFE27A1F2C71E78F002BAD11 /* Config.swift */,
				DF616E592C7340CC00CCDC9D /* Config.xcconfig */,
				82C9A53A2C87227A00C57916 /* API */,
				DF616E5A2C741A7F00CCDC9D /* DTO */,
				DFE27A232C720305002BAD11 /* Service */,
			);
			path = Network;
			sourceTree = "<group>";
		};
		DFE27A232C720305002BAD11 /* Service */ = {
			isa = PBXGroup;
			children = (
				DFE27A192C71E54F002BAD11 /* TrackFeedService.swift */,
			);
			path = Service;
			sourceTree = "<group>";
		};
		DFE27A262C720467002BAD11 /* TrackDetail */ = {
			isa = PBXGroup;
			children = (
				DFE27A212C71FEE0002BAD11 /* TrackDetailResponse.swift */,
				DFE27A272C72048F002BAD11 /* TrackDetailRequest.swift */,
			);
			path = TrackDetail;
			sourceTree = "<group>";
		};
		DFE27A2F2C721DC7002BAD11 /* Feed */ = {
			isa = PBXGroup;
			children = (
				DF2D4DD92C6CF74F005FCA44 /* FeedView.swift */,
			);
			path = Feed;
			sourceTree = "<group>";
		};
/* End PBXGroup section */

/* Begin PBXNativeTarget section */
		793278042C2D014500F433F5 /* PLAT */ = {
			isa = PBXNativeTarget;
			buildConfigurationList = 793278132C2D014600F433F5 /* Build configuration list for PBXNativeTarget "PLAT" */;
			buildPhases = (
				793278012C2D014500F433F5 /* Sources */,
				793278022C2D014500F433F5 /* Frameworks */,
				793278032C2D014500F433F5 /* Resources */,
			);
			buildRules = (
			);
			dependencies = (
				827A1DDE2C2D9B0D00C40046 /* PBXTargetDependency */,
			);
			name = PLAT;
			packageProductDependencies = (
				518B4EEF2C3EE27F005FF553 /* Lottie */,
			);
			productName = PLAT;
			productReference = 793278052C2D014500F433F5 /* PLAT.app */;
			productType = "com.apple.product-type.application";
		};
/* End PBXNativeTarget section */

/* Begin PBXProject section */
		793277FD2C2D014500F433F5 /* Project object */ = {
			isa = PBXProject;
			attributes = {
				BuildIndependentTargetsInParallel = 1;
				LastSwiftUpdateCheck = 1540;
				LastUpgradeCheck = 1540;
				TargetAttributes = {
					793278042C2D014500F433F5 = {
						CreatedOnToolsVersion = 15.4;
					};
				};
			};
			buildConfigurationList = 793278002C2D014500F433F5 /* Build configuration list for PBXProject "PLAT" */;
			compatibilityVersion = "Xcode 14.0";
			developmentRegion = en;
			hasScannedForEncodings = 0;
			knownRegions = (
				en,
				Base,
			);
			mainGroup = 793277FC2C2D014500F433F5;
			packageReferences = (
				827A1DDC2C2D9AE700C40046 /* XCRemoteSwiftPackageReference "SwiftLintPlugins" */,
				518B4EEE2C3EE27F005FF553 /* XCRemoteSwiftPackageReference "lottie-ios" */,
			);
			productRefGroup = 793278062C2D014500F433F5 /* Products */;
			projectDirPath = "";
			projectRoot = "";
			targets = (
				793278042C2D014500F433F5 /* PLAT */,
			);
		};
/* End PBXProject section */

/* Begin PBXResourcesBuildPhase section */
		793278032C2D014500F433F5 /* Resources */ = {
			isa = PBXResourcesBuildPhase;
			buildActionMask = 2147483647;
			files = (
				51F433412C3411D500FAFD14 /* Pretendard-Medium.ttf in Resources */,
				51F433402C3411D500FAFD14 /* Pretendard-ExtraBold.ttf in Resources */,
				796465A22C3A79BD00F6DC2D /* Icons.xcassets in Resources */,
				51148CCE2C42F6BA00365853 /* plat_map_animation_lottie.json in Resources */,
				51F433452C3411D500FAFD14 /* Pretendard-Regular.ttf in Resources */,
				827A1DE02C2D9B3200C40046 /* .swiftlint.yml in Resources */,
				51F433322C340DB200FAFD14 /* Colors.xcassets in Resources */,
				51F4333E2C3411D500FAFD14 /* Pretendard-SemiBold.ttf in Resources */,
				51F4333F2C3411D500FAFD14 /* Pretendard-ExtraLight.ttf in Resources */,
				51F433432C3411D500FAFD14 /* Pretendard-Thin.ttf in Resources */,
				51F433462C3411D500FAFD14 /* Pretendard-Light.ttf in Resources */,
				793278102C2D014600F433F5 /* Preview Assets.xcassets in Resources */,
				51148CCD2C42F6BA00365853 /* plat_finger_animation_lottie.json in Resources */,
				7932780D2C2D014600F433F5 /* Assets.xcassets in Resources */,
				51F433422C3411D500FAFD14 /* Pretendard-Black.ttf in Resources */,
				51F433442C3411D500FAFD14 /* Pretendard-Bold.ttf in Resources */,
			);
			runOnlyForDeploymentPostprocessing = 0;
		};
/* End PBXResourcesBuildPhase section */

/* Begin PBXSourcesBuildPhase section */
		793278012C2D014500F433F5 /* Sources */ = {
			isa = PBXSourcesBuildPhase;
			buildActionMask = 2147483647;
			files = (
				82C9A5342C777F1000C57916 /* Platter.swift in Sources */,
				7932780B2C2D014500F433F5 /* OnboardingView.swift in Sources */,
				513DAC9C2C439EA80050DB4F /* LottieAnimationView.swift in Sources */,
				DF2D4DDA2C6CF74F005FCA44 /* FeedView.swift in Sources */,
				DF6DC9952C7434EA004A23F7 /* FeedTrackUseCase.swift in Sources */,
				DF2D4DE02C6D1731005FCA44 /* Helper+RoundedCorner.swift in Sources */,
				DFE27A202C71E78F002BAD11 /* Config.swift in Sources */,
				820836812C34030C00F6D0CF /* LoginView.swift in Sources */,
				8208368F2C34044800F6D0CF /* AboutPlatSettingsView.swift in Sources */,
				82721EE82C8C229E00CA2C9A /* NetworkLog.swift in Sources */,
				82C06F542C6DD977000FEE3A /* TrackDetailView.swift in Sources */,
				8208369D2C34086300F6D0CF /* InfoServiceInterface.swift in Sources */,
				82C06F582C6DDC3E000FEE3A /* TrackServiceInterface.swift in Sources */,
				5151BEB02C72D31B001DA80F /* TrackAppendUseCase.swift in Sources */,
				82C9A53E2C8725B100C57916 /* Helper+RawRepresentable.swift in Sources */,
				DF6DC99F2C75DF4B004A23F7 /* AppleMusicDTO.swift in Sources */,
				82A825122C6E1D400084D7E8 /* MusicSeekBar.swift in Sources */,
				DFE27A1A2C71E54F002BAD11 /* TrackFeedService.swift in Sources */,
				8208367F2C34012E00F6D0CF /* SocialLoginServiceInterface.swift in Sources */,
				82A36ED52C6DE24B00F6E6E2 /* StubMusicController.swift in Sources */,
				796465A42C3A7CF100F6DC2D /* StubStreamAccountService.swift in Sources */,
				826933452C71FF5B0004E0B5 /* AppDelegate.swift in Sources */,
				820836952C34050000F6D0CF /* UserUseCase.swift in Sources */,
				5151BEAB2C71EB73001DA80F /* PlattingView.swift in Sources */,
				82A36ED72C6DE26E00F6E6E2 /* StubTrackService.swift in Sources */,
				82A825182C6E3B060084D7E8 /* Helper+DateFormatter.swift in Sources */,
				791FEF8E2C771FD6006CBDE0 /* StubUserSessionService.swift in Sources */,
				8208368D2C34043700F6D0CF /* StreamAccountSettingsView.swift in Sources */,
				79A09D4E2C391BA2006F14F4 /* MainView.swift in Sources */,
				820836872C3403C600F6D0CF /* NicknameSettingsView.swift in Sources */,
				DFDF9DCC2C6C959F00D5252B /* Music.swift in Sources */,
				820836892C3403DD00F6D0CF /* AccountSettingsView.swift in Sources */,
				DFDF9DCE2C6C95FD00D5252B /* Location.swift in Sources */,
				8208369B2C34084B00F6D0CF /* InfoUseCase.swift in Sources */,
				7964659E2C3A649600F6DC2D /* PlatTextField.swift in Sources */,
				82A825142C6E2A400084D7E8 /* Helper+StringFormatter.swift in Sources */,
				82C9A53C2C87228500C57916 /* API.swift in Sources */,
				82A36EDD2C6DF50D00F6E6E2 /* DismissButton.swift in Sources */,
				DFE27A222C71FEE0002BAD11 /* TrackDetailResponse.swift in Sources */,
				82C9A5402C8729D500C57916 /* PlatAPI.swift in Sources */,
				791FEF8A2C771CDE006CBDE0 /* UserSessionServiceInterface.swift in Sources */,
				793278092C2D014500F433F5 /* PLATApp.swift in Sources */,
				82C06F5A2C6DDECF000FEE3A /* TrackDetailUseCase.swift in Sources */,
				51F4334A2C3413CB00FAFD14 /* Helper+PretendardFont.swift in Sources */,
				DFE27A282C72048F002BAD11 /* TrackDetailRequest.swift in Sources */,
				DFDF9DD42C6C98FF00D5252B /* Playlist.swift in Sources */,
				82C9A52E2C75D9D400C57916 /* Constant.swift in Sources */,
				820836852C3403B400F6D0CF /* UserDetailView.swift in Sources */,
				5151BEB82C742119001DA80F /* TrackAppendContentView.swift in Sources */,
				820836832C3403A700F6D0CF /* SelectStreamAccountView.swift in Sources */,
				826933472C71FFE20004E0B5 /* SceneDelegate.swift in Sources */,
				79B48AF72C413B5600A73CA0 /* SettingPath.swift in Sources */,
				DFE27A142C71D5B6002BAD11 /* NetworkManager.swift in Sources */,
				796465A62C3A82A200F6DC2D /* ListRadioButton.swift in Sources */,
				82A36ED92C6DE31500F6E6E2 /* MockDataBuilder.swift in Sources */,
				5151BEB22C72DA2D001DA80F /* TrackAppendServiceInterface.swift in Sources */,
				82A825162C6E30D00084D7E8 /* MusicIndicator.swift in Sources */,
				82A36EDB2C6DE8E000F6E6E2 /* Place.swift in Sources */,
				DFDF9DD22C6C989200D5252B /* Track.swift in Sources */,
				82A8251C2C71BE020084D7E8 /* MiniMusicPlayer.swift in Sources */,
				DF91BB6C2C479CE800672155 /* AppleMusicAccountService.swift in Sources */,
				DF6DC99B2C75CB9D004A23F7 /* AppleMusicController.swift in Sources */,
				796465A02C3A6F2E00F6DC2D /* ActionButton.swift in Sources */,
				8269333B2C71D1810004E0B5 /* MusicControlUseCase.swift in Sources */,
				820836932C3404C700F6D0CF /* StreamAccountServiceInterface.swift in Sources */,
				79FC51442C6DD63200489507 /* TrackMapUseCase.swift in Sources */,
				510E363C2C76BFB6009AD4AC /* PhotoAlbumPicker.swift in Sources */,
				5151BEB42C72DAA5001DA80F /* StubTrackAppendService.swift in Sources */,
				82C9A5292C75689E00C57916 /* TrackAppendToPlaylistSheet.swift in Sources */,
				7964659A2C3A5C2400F6DC2D /* Helper+Preview.swift in Sources */,
				79A09D502C391C4A006F14F4 /* Tab.swift in Sources */,
				820836992C34064400F6D0CF /* StreamAccount.swift in Sources */,
				820836772C34001D00F6D0CF /* AppleSocialLoginService.swift in Sources */,
				79842E8C2C7225FD0062F825 /* LocationManager.swift in Sources */,
				79FC51462C6DD78B00489507 /* TrackMapServiceInterface.swift in Sources */,
				8208367C2C34005400F6D0CF /* AuthUseCase.swift in Sources */,
				7964659C2C3A5F1800F6DC2D /* StubInfoService.swift in Sources */,
				DFD110D62C4644D500696FCB /* Helper+Lottie.swift in Sources */,
				51B478502C4379E00008EB37 /* Helper+Text.swift in Sources */,
				79FC514A2C6DEA6600489507 /* StubTrackMapService.swift in Sources */,
				DF6DC9992C749BA9004A23F7 /* FeedTrackServiceInterface.swift in Sources */,
				82C9A5312C75DD0D00C57916 /* SystemImage.swift in Sources */,
				82C06F562C6DD9B1000FEE3A /* MusicControllerInterface.swift in Sources */,
				5151BEBE2C74D6F3001DA80F /* TrackAppendSearchView.swift in Sources */,
				820836912C34047C00F6D0CF /* StreamAccountUseCase.swift in Sources */,
				DFDFAE342C43945600DE1EEB /* AuthType.swift in Sources */,
				DF616E5C2C74277300CCDC9D /* NetworkError.swift in Sources */,
				DFE27A162C71E37E002BAD11 /* BaseResponse.swift in Sources */,
				820836972C3405B000F6D0CF /* UserProfileServiceInterface.swift in Sources */,
				793509C22C393BA40098B073 /* ListSection.swift in Sources */,
				791FEF8C2C771E7B006CBDE0 /* StubUserProfileService.swift in Sources */,
				790AF06A2C6DD1640005FA9A /* TrackMapView.swift in Sources */,
				826933492C7207310004E0B5 /* Helper+Log.swift in Sources */,
				DF6DC9972C749B84004A23F7 /* FeedTrackService.swift in Sources */,
			);
			runOnlyForDeploymentPostprocessing = 0;
		};
/* End PBXSourcesBuildPhase section */

/* Begin PBXTargetDependency section */
		827A1DDE2C2D9B0D00C40046 /* PBXTargetDependency */ = {
			isa = PBXTargetDependency;
			productRef = 827A1DDD2C2D9B0D00C40046 /* SwiftLintBuildToolPlugin */;
		};
/* End PBXTargetDependency section */

/* Begin XCBuildConfiguration section */
		793278112C2D014600F433F5 /* Debug */ = {
			isa = XCBuildConfiguration;
			baseConfigurationReference = DF616E592C7340CC00CCDC9D /* Config.xcconfig */;
			buildSettings = {
				ALWAYS_SEARCH_USER_PATHS = NO;
				ASSETCATALOG_COMPILER_GENERATE_SWIFT_ASSET_SYMBOL_EXTENSIONS = YES;
				CLANG_ANALYZER_NONNULL = YES;
				CLANG_ANALYZER_NUMBER_OBJECT_CONVERSION = YES_AGGRESSIVE;
				CLANG_CXX_LANGUAGE_STANDARD = "gnu++20";
				CLANG_ENABLE_MODULES = YES;
				CLANG_ENABLE_OBJC_ARC = YES;
				CLANG_ENABLE_OBJC_WEAK = YES;
				CLANG_WARN_BLOCK_CAPTURE_AUTORELEASING = YES;
				CLANG_WARN_BOOL_CONVERSION = YES;
				CLANG_WARN_COMMA = YES;
				CLANG_WARN_CONSTANT_CONVERSION = YES;
				CLANG_WARN_DEPRECATED_OBJC_IMPLEMENTATIONS = YES;
				CLANG_WARN_DIRECT_OBJC_ISA_USAGE = YES_ERROR;
				CLANG_WARN_DOCUMENTATION_COMMENTS = YES;
				CLANG_WARN_EMPTY_BODY = YES;
				CLANG_WARN_ENUM_CONVERSION = YES;
				CLANG_WARN_INFINITE_RECURSION = YES;
				CLANG_WARN_INT_CONVERSION = YES;
				CLANG_WARN_NON_LITERAL_NULL_CONVERSION = YES;
				CLANG_WARN_OBJC_IMPLICIT_RETAIN_SELF = YES;
				CLANG_WARN_OBJC_LITERAL_CONVERSION = YES;
				CLANG_WARN_OBJC_ROOT_CLASS = YES_ERROR;
				CLANG_WARN_QUOTED_INCLUDE_IN_FRAMEWORK_HEADER = YES;
				CLANG_WARN_RANGE_LOOP_ANALYSIS = YES;
				CLANG_WARN_STRICT_PROTOTYPES = YES;
				CLANG_WARN_SUSPICIOUS_MOVE = YES;
				CLANG_WARN_UNGUARDED_AVAILABILITY = YES_AGGRESSIVE;
				CLANG_WARN_UNREACHABLE_CODE = YES;
				CLANG_WARN__DUPLICATE_METHOD_MATCH = YES;
				COPY_PHASE_STRIP = NO;
				DEBUG_INFORMATION_FORMAT = dwarf;
				ENABLE_STRICT_OBJC_MSGSEND = YES;
				ENABLE_TESTABILITY = YES;
				ENABLE_USER_SCRIPT_SANDBOXING = YES;
				GCC_C_LANGUAGE_STANDARD = gnu17;
				GCC_DYNAMIC_NO_PIC = NO;
				GCC_NO_COMMON_BLOCKS = YES;
				GCC_OPTIMIZATION_LEVEL = 0;
				GCC_PREPROCESSOR_DEFINITIONS = (
					"DEBUG=1",
					"$(inherited)",
				);
				GCC_WARN_64_TO_32_BIT_CONVERSION = YES;
				GCC_WARN_ABOUT_RETURN_TYPE = YES_ERROR;
				GCC_WARN_UNDECLARED_SELECTOR = YES;
				GCC_WARN_UNINITIALIZED_AUTOS = YES_AGGRESSIVE;
				GCC_WARN_UNUSED_FUNCTION = YES;
				GCC_WARN_UNUSED_VARIABLE = YES;
				IPHONEOS_DEPLOYMENT_TARGET = 17.5;
				LOCALIZATION_PREFERS_STRING_CATALOGS = YES;
				MTL_ENABLE_DEBUG_INFO = INCLUDE_SOURCE;
				MTL_FAST_MATH = YES;
				ONLY_ACTIVE_ARCH = YES;
				SDKROOT = iphoneos;
				SWIFT_ACTIVE_COMPILATION_CONDITIONS = "DEBUG $(inherited)";
				SWIFT_OPTIMIZATION_LEVEL = "-Onone";
			};
			name = Debug;
		};
		793278122C2D014600F433F5 /* Release */ = {
			isa = XCBuildConfiguration;
			baseConfigurationReference = DF616E592C7340CC00CCDC9D /* Config.xcconfig */;
			buildSettings = {
				ALWAYS_SEARCH_USER_PATHS = NO;
				ASSETCATALOG_COMPILER_GENERATE_SWIFT_ASSET_SYMBOL_EXTENSIONS = YES;
				CLANG_ANALYZER_NONNULL = YES;
				CLANG_ANALYZER_NUMBER_OBJECT_CONVERSION = YES_AGGRESSIVE;
				CLANG_CXX_LANGUAGE_STANDARD = "gnu++20";
				CLANG_ENABLE_MODULES = YES;
				CLANG_ENABLE_OBJC_ARC = YES;
				CLANG_ENABLE_OBJC_WEAK = YES;
				CLANG_WARN_BLOCK_CAPTURE_AUTORELEASING = YES;
				CLANG_WARN_BOOL_CONVERSION = YES;
				CLANG_WARN_COMMA = YES;
				CLANG_WARN_CONSTANT_CONVERSION = YES;
				CLANG_WARN_DEPRECATED_OBJC_IMPLEMENTATIONS = YES;
				CLANG_WARN_DIRECT_OBJC_ISA_USAGE = YES_ERROR;
				CLANG_WARN_DOCUMENTATION_COMMENTS = YES;
				CLANG_WARN_EMPTY_BODY = YES;
				CLANG_WARN_ENUM_CONVERSION = YES;
				CLANG_WARN_INFINITE_RECURSION = YES;
				CLANG_WARN_INT_CONVERSION = YES;
				CLANG_WARN_NON_LITERAL_NULL_CONVERSION = YES;
				CLANG_WARN_OBJC_IMPLICIT_RETAIN_SELF = YES;
				CLANG_WARN_OBJC_LITERAL_CONVERSION = YES;
				CLANG_WARN_OBJC_ROOT_CLASS = YES_ERROR;
				CLANG_WARN_QUOTED_INCLUDE_IN_FRAMEWORK_HEADER = YES;
				CLANG_WARN_RANGE_LOOP_ANALYSIS = YES;
				CLANG_WARN_STRICT_PROTOTYPES = YES;
				CLANG_WARN_SUSPICIOUS_MOVE = YES;
				CLANG_WARN_UNGUARDED_AVAILABILITY = YES_AGGRESSIVE;
				CLANG_WARN_UNREACHABLE_CODE = YES;
				CLANG_WARN__DUPLICATE_METHOD_MATCH = YES;
				COPY_PHASE_STRIP = NO;
				DEBUG_INFORMATION_FORMAT = "dwarf-with-dsym";
				ENABLE_NS_ASSERTIONS = NO;
				ENABLE_STRICT_OBJC_MSGSEND = YES;
				ENABLE_USER_SCRIPT_SANDBOXING = YES;
				GCC_C_LANGUAGE_STANDARD = gnu17;
				GCC_NO_COMMON_BLOCKS = YES;
				GCC_WARN_64_TO_32_BIT_CONVERSION = YES;
				GCC_WARN_ABOUT_RETURN_TYPE = YES_ERROR;
				GCC_WARN_UNDECLARED_SELECTOR = YES;
				GCC_WARN_UNINITIALIZED_AUTOS = YES_AGGRESSIVE;
				GCC_WARN_UNUSED_FUNCTION = YES;
				GCC_WARN_UNUSED_VARIABLE = YES;
				IPHONEOS_DEPLOYMENT_TARGET = 17.5;
				LOCALIZATION_PREFERS_STRING_CATALOGS = YES;
				MTL_ENABLE_DEBUG_INFO = NO;
				MTL_FAST_MATH = YES;
				SDKROOT = iphoneos;
				SWIFT_COMPILATION_MODE = wholemodule;
				VALIDATE_PRODUCT = YES;
			};
			name = Release;
		};
		793278142C2D014600F433F5 /* Debug */ = {
			isa = XCBuildConfiguration;
			baseConfigurationReference = DF616E592C7340CC00CCDC9D /* Config.xcconfig */;
			buildSettings = {
				ASSETCATALOG_COMPILER_APPICON_NAME = AppIcon;
				ASSETCATALOG_COMPILER_GLOBAL_ACCENT_COLOR_NAME = AccentColor;
				CODE_SIGN_ENTITLEMENTS = PLAT/PLAT.entitlements;
				CODE_SIGN_STYLE = Automatic;
				CURRENT_PROJECT_VERSION = 1;
				DEVELOPMENT_ASSET_PATHS = "\"PLAT/Preview Content\"";
				DEVELOPMENT_TEAM = 9XG4S4XZWN;
				ENABLE_PREVIEWS = YES;
				GENERATE_INFOPLIST_FILE = YES;
				INFOPLIST_FILE = PLAT/Info.plist;
				INFOPLIST_KEY_CFBundleDisplayName = PLAT;
				INFOPLIST_KEY_LSApplicationCategoryType = "public.app-category.music";
				INFOPLIST_KEY_NSAppleMusicUsageDescription = "미디어 접근을 허용해주세요";
				INFOPLIST_KEY_NSLocationWhenInUseUsageDescription = "내 주변에 있는 트랙을 가져오고 플레이리스트를 만들기 위해 위치정보가 필요합니다.";
				INFOPLIST_KEY_UIApplicationSceneManifest_Generation = YES;
				INFOPLIST_KEY_UIApplicationSupportsIndirectInputEvents = YES;
				INFOPLIST_KEY_UILaunchScreen_Generation = YES;
				INFOPLIST_KEY_UIStatusBarStyle = UIStatusBarStyleDarkContent;
				INFOPLIST_KEY_UISupportedInterfaceOrientations = UIInterfaceOrientationPortrait;
				INFOPLIST_KEY_UIUserInterfaceStyle = Dark;
				IPHONEOS_DEPLOYMENT_TARGET = 17.0;
				LD_RUNPATH_SEARCH_PATHS = (
					"$(inherited)",
					"@executable_path/Frameworks",
				);
				MARKETING_VERSION = 1.0.0;
				PRODUCT_BUNDLE_IDENTIFIER = com.cabin.plat.thinkyside;
				PRODUCT_NAME = "$(TARGET_NAME)";
				SUPPORTED_PLATFORMS = "iphoneos iphonesimulator";
				SUPPORTS_MACCATALYST = NO;
				SUPPORTS_MAC_DESIGNED_FOR_IPHONE_IPAD = NO;
				SUPPORTS_XR_DESIGNED_FOR_IPHONE_IPAD = NO;
				SWIFT_EMIT_LOC_STRINGS = YES;
				SWIFT_VERSION = 5.0;
				TARGETED_DEVICE_FAMILY = 1;
			};
			name = Debug;
		};
		793278152C2D014600F433F5 /* Release */ = {
			isa = XCBuildConfiguration;
			baseConfigurationReference = DF616E592C7340CC00CCDC9D /* Config.xcconfig */;
			buildSettings = {
				ASSETCATALOG_COMPILER_APPICON_NAME = AppIcon;
				ASSETCATALOG_COMPILER_GLOBAL_ACCENT_COLOR_NAME = AccentColor;
				CODE_SIGN_ENTITLEMENTS = PLAT/PLAT.entitlements;
				CODE_SIGN_STYLE = Automatic;
				CURRENT_PROJECT_VERSION = 1;
				DEVELOPMENT_ASSET_PATHS = "\"PLAT/Preview Content\"";
				DEVELOPMENT_TEAM = 9XG4S4XZWN;
				ENABLE_PREVIEWS = YES;
				GENERATE_INFOPLIST_FILE = YES;
				INFOPLIST_FILE = PLAT/Info.plist;
				INFOPLIST_KEY_CFBundleDisplayName = PLAT;
				INFOPLIST_KEY_LSApplicationCategoryType = "public.app-category.music";
				INFOPLIST_KEY_NSAppleMusicUsageDescription = "미디어 접근을 허용해주세요";
				INFOPLIST_KEY_NSLocationWhenInUseUsageDescription = "내 주변에 있는 트랙을 가져오고 플레이리스트를 만들기 위해 위치정보가 필요합니다.";
				INFOPLIST_KEY_UIApplicationSceneManifest_Generation = YES;
				INFOPLIST_KEY_UIApplicationSupportsIndirectInputEvents = YES;
				INFOPLIST_KEY_UILaunchScreen_Generation = YES;
				INFOPLIST_KEY_UIStatusBarStyle = UIStatusBarStyleDarkContent;
				INFOPLIST_KEY_UISupportedInterfaceOrientations = UIInterfaceOrientationPortrait;
				INFOPLIST_KEY_UIUserInterfaceStyle = Dark;
				IPHONEOS_DEPLOYMENT_TARGET = 17.0;
				LD_RUNPATH_SEARCH_PATHS = (
					"$(inherited)",
					"@executable_path/Frameworks",
				);
				MARKETING_VERSION = 1.0.0;
				PRODUCT_BUNDLE_IDENTIFIER = com.cabin.plat.thinkyside;
				PRODUCT_NAME = "$(TARGET_NAME)";
				SUPPORTED_PLATFORMS = "iphoneos iphonesimulator";
				SUPPORTS_MACCATALYST = NO;
				SUPPORTS_MAC_DESIGNED_FOR_IPHONE_IPAD = NO;
				SUPPORTS_XR_DESIGNED_FOR_IPHONE_IPAD = NO;
				SWIFT_EMIT_LOC_STRINGS = YES;
				SWIFT_VERSION = 5.0;
				TARGETED_DEVICE_FAMILY = 1;
			};
			name = Release;
		};
/* End XCBuildConfiguration section */

/* Begin XCConfigurationList section */
		793278002C2D014500F433F5 /* Build configuration list for PBXProject "PLAT" */ = {
			isa = XCConfigurationList;
			buildConfigurations = (
				793278112C2D014600F433F5 /* Debug */,
				793278122C2D014600F433F5 /* Release */,
			);
			defaultConfigurationIsVisible = 0;
			defaultConfigurationName = Release;
		};
		793278132C2D014600F433F5 /* Build configuration list for PBXNativeTarget "PLAT" */ = {
			isa = XCConfigurationList;
			buildConfigurations = (
				793278142C2D014600F433F5 /* Debug */,
				793278152C2D014600F433F5 /* Release */,
			);
			defaultConfigurationIsVisible = 0;
			defaultConfigurationName = Release;
		};
/* End XCConfigurationList section */

/* Begin XCRemoteSwiftPackageReference section */
		518B4EEE2C3EE27F005FF553 /* XCRemoteSwiftPackageReference "lottie-ios" */ = {
			isa = XCRemoteSwiftPackageReference;
			repositoryURL = "https://github.com/airbnb/lottie-ios";
			requirement = {
				kind = upToNextMajorVersion;
				minimumVersion = 4.5.0;
			};
		};
		827A1DDC2C2D9AE700C40046 /* XCRemoteSwiftPackageReference "SwiftLintPlugins" */ = {
			isa = XCRemoteSwiftPackageReference;
			repositoryURL = "https://github.com/SimplyDanny/SwiftLintPlugins";
			requirement = {
				kind = upToNextMajorVersion;
				minimumVersion = 0.55.1;
			};
		};
/* End XCRemoteSwiftPackageReference section */

/* Begin XCSwiftPackageProductDependency section */
		518B4EEF2C3EE27F005FF553 /* Lottie */ = {
			isa = XCSwiftPackageProductDependency;
			package = 518B4EEE2C3EE27F005FF553 /* XCRemoteSwiftPackageReference "lottie-ios" */;
			productName = Lottie;
		};
		827A1DDD2C2D9B0D00C40046 /* SwiftLintBuildToolPlugin */ = {
			isa = XCSwiftPackageProductDependency;
			package = 827A1DDC2C2D9AE700C40046 /* XCRemoteSwiftPackageReference "SwiftLintPlugins" */;
			productName = "plugin:SwiftLintBuildToolPlugin";
		};
/* End XCSwiftPackageProductDependency section */
	};
	rootObject = 793277FD2C2D014500F433F5 /* Project object */;
}
