// !$*UTF8*$!
{
	archiveVersion = 1;
	classes = {
	};
	objectVersion = 56;
	objects = {

/* Begin PBXBuildFile section */
		51F433322C340DB200FAFD14 /* Colors.xcassets in Resources */ = {isa = PBXBuildFile; fileRef = 51F433312C340DB200FAFD14 /* Colors.xcassets */; };
		51F4333E2C3411D500FAFD14 /* Pretendard-SemiBold.ttf in Resources */ = {isa = PBXBuildFile; fileRef = 51F433352C3411D400FAFD14 /* Pretendard-SemiBold.ttf */; };
		51F4333F2C3411D500FAFD14 /* Pretendard-ExtraLight.ttf in Resources */ = {isa = PBXBuildFile; fileRef = 51F433362C3411D400FAFD14 /* Pretendard-ExtraLight.ttf */; };
		51F433402C3411D500FAFD14 /* Pretendard-ExtraBold.ttf in Resources */ = {isa = PBXBuildFile; fileRef = 51F433372C3411D400FAFD14 /* Pretendard-ExtraBold.ttf */; };
		51F433412C3411D500FAFD14 /* Pretendard-Medium.ttf in Resources */ = {isa = PBXBuildFile; fileRef = 51F433382C3411D400FAFD14 /* Pretendard-Medium.ttf */; };
		51F433422C3411D500FAFD14 /* Pretendard-Black.ttf in Resources */ = {isa = PBXBuildFile; fileRef = 51F433392C3411D500FAFD14 /* Pretendard-Black.ttf */; };
		51F433432C3411D500FAFD14 /* Pretendard-Thin.ttf in Resources */ = {isa = PBXBuildFile; fileRef = 51F4333A2C3411D500FAFD14 /* Pretendard-Thin.ttf */; };
		51F433442C3411D500FAFD14 /* Pretendard-Bold.ttf in Resources */ = {isa = PBXBuildFile; fileRef = 51F4333B2C3411D500FAFD14 /* Pretendard-Bold.ttf */; };
		51F433452C3411D500FAFD14 /* Pretendard-Regular.ttf in Resources */ = {isa = PBXBuildFile; fileRef = 51F4333C2C3411D500FAFD14 /* Pretendard-Regular.ttf */; };
		51F433462C3411D500FAFD14 /* Pretendard-Light.ttf in Resources */ = {isa = PBXBuildFile; fileRef = 51F4333D2C3411D500FAFD14 /* Pretendard-Light.ttf */; };
		51F4334A2C3413CB00FAFD14 /* Helper+PretendardFont.swift in Sources */ = {isa = PBXBuildFile; fileRef = 51F433492C3413CB00FAFD14 /* Helper+PretendardFont.swift */; };
		793278092C2D014500F433F5 /* PLATApp.swift in Sources */ = {isa = PBXBuildFile; fileRef = 793278082C2D014500F433F5 /* PLATApp.swift */; };
		7932780B2C2D014500F433F5 /* OnboardingView.swift in Sources */ = {isa = PBXBuildFile; fileRef = 7932780A2C2D014500F433F5 /* OnboardingView.swift */; };
		7932780D2C2D014600F433F5 /* Assets.xcassets in Resources */ = {isa = PBXBuildFile; fileRef = 7932780C2C2D014600F433F5 /* Assets.xcassets */; };
		793278102C2D014600F433F5 /* Preview Assets.xcassets in Resources */ = {isa = PBXBuildFile; fileRef = 7932780F2C2D014600F433F5 /* Preview Assets.xcassets */; };
		793509BF2C39324A0098B073 /* StubUserService.swift in Sources */ = {isa = PBXBuildFile; fileRef = 793509BE2C39324A0098B073 /* StubUserService.swift */; };
		793509C22C393BA40098B073 /* ListSection.swift in Sources */ = {isa = PBXBuildFile; fileRef = 793509C12C393BA40098B073 /* ListSection.swift */; };
		7964659A2C3A5C2400F6DC2D /* Helper+Preview.swift in Sources */ = {isa = PBXBuildFile; fileRef = 796465992C3A5C2400F6DC2D /* Helper+Preview.swift */; };
		7964659C2C3A5F1800F6DC2D /* StubInfoService.swift in Sources */ = {isa = PBXBuildFile; fileRef = 7964659B2C3A5F1800F6DC2D /* StubInfoService.swift */; };
		7964659E2C3A649600F6DC2D /* PlatTextField.swift in Sources */ = {isa = PBXBuildFile; fileRef = 7964659D2C3A649600F6DC2D /* PlatTextField.swift */; };
		796465A02C3A6F2E00F6DC2D /* ActionButton.swift in Sources */ = {isa = PBXBuildFile; fileRef = 7964659F2C3A6F2E00F6DC2D /* ActionButton.swift */; };
		796465A22C3A79BD00F6DC2D /* Icons.xcassets in Resources */ = {isa = PBXBuildFile; fileRef = 796465A12C3A79BD00F6DC2D /* Icons.xcassets */; };
		796465A42C3A7CF100F6DC2D /* StubStreamAccountService.swift in Sources */ = {isa = PBXBuildFile; fileRef = 796465A32C3A7CF100F6DC2D /* StubStreamAccountService.swift */; };
		796465A62C3A82A200F6DC2D /* ListRadioButton.swift in Sources */ = {isa = PBXBuildFile; fileRef = 796465A52C3A82A200F6DC2D /* ListRadioButton.swift */; };
		79A09D4E2C391BA2006F14F4 /* MainView.swift in Sources */ = {isa = PBXBuildFile; fileRef = 79A09D4D2C391BA2006F14F4 /* MainView.swift */; };
		79A09D502C391C4A006F14F4 /* Tab.swift in Sources */ = {isa = PBXBuildFile; fileRef = 79A09D4F2C391C4A006F14F4 /* Tab.swift */; };
		820836772C34001D00F6D0CF /* LoginService.swift in Sources */ = {isa = PBXBuildFile; fileRef = 820836762C34001D00F6D0CF /* LoginService.swift */; };
		820836792C34002D00F6D0CF /* User.swift in Sources */ = {isa = PBXBuildFile; fileRef = 820836782C34002D00F6D0CF /* User.swift */; };
		8208367C2C34005400F6D0CF /* LoginUseCase.swift in Sources */ = {isa = PBXBuildFile; fileRef = 8208367B2C34005400F6D0CF /* LoginUseCase.swift */; };
		8208367F2C34012E00F6D0CF /* LoginServiceInterface.swift in Sources */ = {isa = PBXBuildFile; fileRef = 8208367E2C34012E00F6D0CF /* LoginServiceInterface.swift */; };
		820836812C34030C00F6D0CF /* LoginView.swift in Sources */ = {isa = PBXBuildFile; fileRef = 820836802C34030C00F6D0CF /* LoginView.swift */; };
		820836832C3403A700F6D0CF /* SelectStreamAccountView.swift in Sources */ = {isa = PBXBuildFile; fileRef = 820836822C3403A700F6D0CF /* SelectStreamAccountView.swift */; };
		820836852C3403B400F6D0CF /* UserDetailView.swift in Sources */ = {isa = PBXBuildFile; fileRef = 820836842C3403B400F6D0CF /* UserDetailView.swift */; };
		820836872C3403C600F6D0CF /* NicknameSettingsView.swift in Sources */ = {isa = PBXBuildFile; fileRef = 820836862C3403C600F6D0CF /* NicknameSettingsView.swift */; };
		820836892C3403DD00F6D0CF /* AccountSettingsView.swift in Sources */ = {isa = PBXBuildFile; fileRef = 820836882C3403DD00F6D0CF /* AccountSettingsView.swift */; };
		8208368D2C34043700F6D0CF /* StreamAccountSettingsView.swift in Sources */ = {isa = PBXBuildFile; fileRef = 8208368C2C34043700F6D0CF /* StreamAccountSettingsView.swift */; };
		8208368F2C34044800F6D0CF /* AboutPlatSettingsView.swift in Sources */ = {isa = PBXBuildFile; fileRef = 8208368E2C34044800F6D0CF /* AboutPlatSettingsView.swift */; };
		820836912C34047C00F6D0CF /* StreamAccountUseCase.swift in Sources */ = {isa = PBXBuildFile; fileRef = 820836902C34047C00F6D0CF /* StreamAccountUseCase.swift */; };
		820836932C3404C700F6D0CF /* StreamAccountServiceInterface.swift in Sources */ = {isa = PBXBuildFile; fileRef = 820836922C3404C700F6D0CF /* StreamAccountServiceInterface.swift */; };
		820836952C34050000F6D0CF /* UserUseCase.swift in Sources */ = {isa = PBXBuildFile; fileRef = 820836942C34050000F6D0CF /* UserUseCase.swift */; };
		820836972C3405B000F6D0CF /* UserServiceInterface.swift in Sources */ = {isa = PBXBuildFile; fileRef = 820836962C3405B000F6D0CF /* UserServiceInterface.swift */; };
		820836992C34064400F6D0CF /* StreamAccount.swift in Sources */ = {isa = PBXBuildFile; fileRef = 820836982C34064400F6D0CF /* StreamAccount.swift */; };
		8208369B2C34084B00F6D0CF /* InfoUseCase.swift in Sources */ = {isa = PBXBuildFile; fileRef = 8208369A2C34084B00F6D0CF /* InfoUseCase.swift */; };
		8208369D2C34086300F6D0CF /* InfoServiceInterface.swift in Sources */ = {isa = PBXBuildFile; fileRef = 8208369C2C34086300F6D0CF /* InfoServiceInterface.swift */; };
		827A1DE02C2D9B3200C40046 /* .swiftlint.yml in Resources */ = {isa = PBXBuildFile; fileRef = 827A1DDF2C2D9B3200C40046 /* .swiftlint.yml */; };
/* End PBXBuildFile section */

/* Begin PBXFileReference section */
		51F433312C340DB200FAFD14 /* Colors.xcassets */ = {isa = PBXFileReference; lastKnownFileType = folder.assetcatalog; path = Colors.xcassets; sourceTree = "<group>"; };
		51F433352C3411D400FAFD14 /* Pretendard-SemiBold.ttf */ = {isa = PBXFileReference; lastKnownFileType = file; path = "Pretendard-SemiBold.ttf"; sourceTree = "<group>"; };
		51F433362C3411D400FAFD14 /* Pretendard-ExtraLight.ttf */ = {isa = PBXFileReference; lastKnownFileType = file; path = "Pretendard-ExtraLight.ttf"; sourceTree = "<group>"; };
		51F433372C3411D400FAFD14 /* Pretendard-ExtraBold.ttf */ = {isa = PBXFileReference; lastKnownFileType = file; path = "Pretendard-ExtraBold.ttf"; sourceTree = "<group>"; };
		51F433382C3411D400FAFD14 /* Pretendard-Medium.ttf */ = {isa = PBXFileReference; lastKnownFileType = file; path = "Pretendard-Medium.ttf"; sourceTree = "<group>"; };
		51F433392C3411D500FAFD14 /* Pretendard-Black.ttf */ = {isa = PBXFileReference; lastKnownFileType = file; path = "Pretendard-Black.ttf"; sourceTree = "<group>"; };
		51F4333A2C3411D500FAFD14 /* Pretendard-Thin.ttf */ = {isa = PBXFileReference; lastKnownFileType = file; path = "Pretendard-Thin.ttf"; sourceTree = "<group>"; };
		51F4333B2C3411D500FAFD14 /* Pretendard-Bold.ttf */ = {isa = PBXFileReference; lastKnownFileType = file; path = "Pretendard-Bold.ttf"; sourceTree = "<group>"; };
		51F4333C2C3411D500FAFD14 /* Pretendard-Regular.ttf */ = {isa = PBXFileReference; lastKnownFileType = file; path = "Pretendard-Regular.ttf"; sourceTree = "<group>"; };
		51F4333D2C3411D500FAFD14 /* Pretendard-Light.ttf */ = {isa = PBXFileReference; lastKnownFileType = file; path = "Pretendard-Light.ttf"; sourceTree = "<group>"; };
		51F433472C3411ED00FAFD14 /* Info.plist */ = {isa = PBXFileReference; lastKnownFileType = text.plist; path = Info.plist; sourceTree = "<group>"; };
		51F433492C3413CB00FAFD14 /* Helper+PretendardFont.swift */ = {isa = PBXFileReference; lastKnownFileType = sourcecode.swift; path = "Helper+PretendardFont.swift"; sourceTree = "<group>"; };
		793278052C2D014500F433F5 /* PLAT.app */ = {isa = PBXFileReference; explicitFileType = wrapper.application; includeInIndex = 0; path = PLAT.app; sourceTree = BUILT_PRODUCTS_DIR; };
		793278082C2D014500F433F5 /* PLATApp.swift */ = {isa = PBXFileReference; lastKnownFileType = sourcecode.swift; path = PLATApp.swift; sourceTree = "<group>"; };
		7932780A2C2D014500F433F5 /* OnboardingView.swift */ = {isa = PBXFileReference; lastKnownFileType = sourcecode.swift; path = OnboardingView.swift; sourceTree = "<group>"; };
		7932780C2C2D014600F433F5 /* Assets.xcassets */ = {isa = PBXFileReference; lastKnownFileType = folder.assetcatalog; path = Assets.xcassets; sourceTree = "<group>"; };
		7932780F2C2D014600F433F5 /* Preview Assets.xcassets */ = {isa = PBXFileReference; lastKnownFileType = folder.assetcatalog; path = "Preview Assets.xcassets"; sourceTree = "<group>"; };
		793509BE2C39324A0098B073 /* StubUserService.swift */ = {isa = PBXFileReference; lastKnownFileType = sourcecode.swift; path = StubUserService.swift; sourceTree = "<group>"; };
		793509C12C393BA40098B073 /* ListSection.swift */ = {isa = PBXFileReference; lastKnownFileType = sourcecode.swift; path = ListSection.swift; sourceTree = "<group>"; };
		796465992C3A5C2400F6DC2D /* Helper+Preview.swift */ = {isa = PBXFileReference; lastKnownFileType = sourcecode.swift; path = "Helper+Preview.swift"; sourceTree = "<group>"; };
		7964659B2C3A5F1800F6DC2D /* StubInfoService.swift */ = {isa = PBXFileReference; lastKnownFileType = sourcecode.swift; path = StubInfoService.swift; sourceTree = "<group>"; };
		7964659D2C3A649600F6DC2D /* PlatTextField.swift */ = {isa = PBXFileReference; lastKnownFileType = sourcecode.swift; path = PlatTextField.swift; sourceTree = "<group>"; };
		7964659F2C3A6F2E00F6DC2D /* ActionButton.swift */ = {isa = PBXFileReference; lastKnownFileType = sourcecode.swift; path = ActionButton.swift; sourceTree = "<group>"; };
		796465A12C3A79BD00F6DC2D /* Icons.xcassets */ = {isa = PBXFileReference; lastKnownFileType = folder.assetcatalog; path = Icons.xcassets; sourceTree = "<group>"; };
		796465A32C3A7CF100F6DC2D /* StubStreamAccountService.swift */ = {isa = PBXFileReference; lastKnownFileType = sourcecode.swift; path = StubStreamAccountService.swift; sourceTree = "<group>"; };
		796465A52C3A82A200F6DC2D /* ListRadioButton.swift */ = {isa = PBXFileReference; lastKnownFileType = sourcecode.swift; path = ListRadioButton.swift; sourceTree = "<group>"; };
		79A09D4D2C391BA2006F14F4 /* MainView.swift */ = {isa = PBXFileReference; lastKnownFileType = sourcecode.swift; path = MainView.swift; sourceTree = "<group>"; };
		79A09D4F2C391C4A006F14F4 /* Tab.swift */ = {isa = PBXFileReference; lastKnownFileType = sourcecode.swift; path = Tab.swift; sourceTree = "<group>"; };
		820836762C34001D00F6D0CF /* LoginService.swift */ = {isa = PBXFileReference; lastKnownFileType = sourcecode.swift; path = LoginService.swift; sourceTree = "<group>"; };
		820836782C34002D00F6D0CF /* User.swift */ = {isa = PBXFileReference; lastKnownFileType = sourcecode.swift; path = User.swift; sourceTree = "<group>"; };
		8208367B2C34005400F6D0CF /* LoginUseCase.swift */ = {isa = PBXFileReference; lastKnownFileType = sourcecode.swift; path = LoginUseCase.swift; sourceTree = "<group>"; };
		8208367E2C34012E00F6D0CF /* LoginServiceInterface.swift */ = {isa = PBXFileReference; lastKnownFileType = sourcecode.swift; path = LoginServiceInterface.swift; sourceTree = "<group>"; };
		820836802C34030C00F6D0CF /* LoginView.swift */ = {isa = PBXFileReference; lastKnownFileType = sourcecode.swift; path = LoginView.swift; sourceTree = "<group>"; };
		820836822C3403A700F6D0CF /* SelectStreamAccountView.swift */ = {isa = PBXFileReference; lastKnownFileType = sourcecode.swift; path = SelectStreamAccountView.swift; sourceTree = "<group>"; };
		820836842C3403B400F6D0CF /* UserDetailView.swift */ = {isa = PBXFileReference; lastKnownFileType = sourcecode.swift; path = UserDetailView.swift; sourceTree = "<group>"; };
		820836862C3403C600F6D0CF /* NicknameSettingsView.swift */ = {isa = PBXFileReference; lastKnownFileType = sourcecode.swift; path = NicknameSettingsView.swift; sourceTree = "<group>"; };
		820836882C3403DD00F6D0CF /* AccountSettingsView.swift */ = {isa = PBXFileReference; lastKnownFileType = sourcecode.swift; path = AccountSettingsView.swift; sourceTree = "<group>"; };
		8208368C2C34043700F6D0CF /* StreamAccountSettingsView.swift */ = {isa = PBXFileReference; lastKnownFileType = sourcecode.swift; path = StreamAccountSettingsView.swift; sourceTree = "<group>"; };
		8208368E2C34044800F6D0CF /* AboutPlatSettingsView.swift */ = {isa = PBXFileReference; lastKnownFileType = sourcecode.swift; path = AboutPlatSettingsView.swift; sourceTree = "<group>"; };
		820836902C34047C00F6D0CF /* StreamAccountUseCase.swift */ = {isa = PBXFileReference; lastKnownFileType = sourcecode.swift; path = StreamAccountUseCase.swift; sourceTree = "<group>"; };
		820836922C3404C700F6D0CF /* StreamAccountServiceInterface.swift */ = {isa = PBXFileReference; lastKnownFileType = sourcecode.swift; path = StreamAccountServiceInterface.swift; sourceTree = "<group>"; };
		820836942C34050000F6D0CF /* UserUseCase.swift */ = {isa = PBXFileReference; lastKnownFileType = sourcecode.swift; path = UserUseCase.swift; sourceTree = "<group>"; };
		820836962C3405B000F6D0CF /* UserServiceInterface.swift */ = {isa = PBXFileReference; lastKnownFileType = sourcecode.swift; path = UserServiceInterface.swift; sourceTree = "<group>"; };
		820836982C34064400F6D0CF /* StreamAccount.swift */ = {isa = PBXFileReference; lastKnownFileType = sourcecode.swift; path = StreamAccount.swift; sourceTree = "<group>"; };
		8208369A2C34084B00F6D0CF /* InfoUseCase.swift */ = {isa = PBXFileReference; lastKnownFileType = sourcecode.swift; path = InfoUseCase.swift; sourceTree = "<group>"; };
		8208369C2C34086300F6D0CF /* InfoServiceInterface.swift */ = {isa = PBXFileReference; lastKnownFileType = sourcecode.swift; path = InfoServiceInterface.swift; sourceTree = "<group>"; };
		827A1DDF2C2D9B3200C40046 /* .swiftlint.yml */ = {isa = PBXFileReference; lastKnownFileType = text.yaml; path = .swiftlint.yml; sourceTree = "<group>"; };
		DFA3F9C82C3FB7FF007B5DF7 /* PLAT.entitlements */ = {isa = PBXFileReference; lastKnownFileType = text.plist.entitlements; path = PLAT.entitlements; sourceTree = "<group>"; };
/* End PBXFileReference section */

/* Begin PBXFrameworksBuildPhase section */
		793278022C2D014500F433F5 /* Frameworks */ = {
			isa = PBXFrameworksBuildPhase;
			buildActionMask = 2147483647;
			files = (
			);
			runOnlyForDeploymentPostprocessing = 0;
		};
/* End PBXFrameworksBuildPhase section */

/* Begin PBXGroup section */
		51F433332C34115900FAFD14 /* Fonts */ = {
			isa = PBXGroup;
			children = (
				51F433342C34116500FAFD14 /* Pretendard */,
			);
			path = Fonts;
			sourceTree = "<group>";
		};
		51F433342C34116500FAFD14 /* Pretendard */ = {
			isa = PBXGroup;
			children = (
				51F433392C3411D500FAFD14 /* Pretendard-Black.ttf */,
				51F4333B2C3411D500FAFD14 /* Pretendard-Bold.ttf */,
				51F433372C3411D400FAFD14 /* Pretendard-ExtraBold.ttf */,
				51F433362C3411D400FAFD14 /* Pretendard-ExtraLight.ttf */,
				51F4333D2C3411D500FAFD14 /* Pretendard-Light.ttf */,
				51F433382C3411D400FAFD14 /* Pretendard-Medium.ttf */,
				51F4333C2C3411D500FAFD14 /* Pretendard-Regular.ttf */,
				51F433352C3411D400FAFD14 /* Pretendard-SemiBold.ttf */,
				51F4333A2C3411D500FAFD14 /* Pretendard-Thin.ttf */,
			);
			path = Pretendard;
			sourceTree = "<group>";
		};
		51F433482C34138600FAFD14 /* Helper */ = {
			isa = PBXGroup;
			children = (
				51F433492C3413CB00FAFD14 /* Helper+PretendardFont.swift */,
				796465992C3A5C2400F6DC2D /* Helper+Preview.swift */,
			);
			path = Helper;
			sourceTree = "<group>";
		};
		793277FC2C2D014500F433F5 = {
			isa = PBXGroup;
			children = (
				827A1DDF2C2D9B3200C40046 /* .swiftlint.yml */,
				793278072C2D014500F433F5 /* PLAT */,
				793278062C2D014500F433F5 /* Products */,
			);
			sourceTree = "<group>";
		};
		793278062C2D014500F433F5 /* Products */ = {
			isa = PBXGroup;
			children = (
				793278052C2D014500F433F5 /* PLAT.app */,
			);
			name = Products;
			sourceTree = "<group>";
		};
		793278072C2D014500F433F5 /* PLAT */ = {
			isa = PBXGroup;
			children = (
				DFA3F9C82C3FB7FF007B5DF7 /* PLAT.entitlements */,
				51F433472C3411ED00FAFD14 /* Info.plist */,
				820836702C33FFAE00F6D0CF /* App */,
				820836732C33FFF500F6D0CF /* Domain */,
				820836742C33FFFC00F6D0CF /* Data */,
				820836712C33FFD000F6D0CF /* Presentaion */,
				51F433482C34138600FAFD14 /* Helper */,
				820836722C33FFDA00F6D0CF /* Resource */,
				7932780E2C2D014600F433F5 /* Preview Content */,
			);
			path = PLAT;
			sourceTree = "<group>";
		};
		7932780E2C2D014600F433F5 /* Preview Content */ = {
			isa = PBXGroup;
			children = (
				7932780F2C2D014600F433F5 /* Preview Assets.xcassets */,
			);
			path = "Preview Content";
			sourceTree = "<group>";
		};
		793509C02C393B4F0098B073 /* Component */ = {
			isa = PBXGroup;
			children = (
				793509C12C393BA40098B073 /* ListSection.swift */,
				7964659D2C3A649600F6DC2D /* PlatTextField.swift */,
				7964659F2C3A6F2E00F6DC2D /* ActionButton.swift */,
				796465A52C3A82A200F6DC2D /* ListRadioButton.swift */,
			);
			path = Component;
			sourceTree = "<group>";
		};
		79A09D4C2C391B97006F14F4 /* Main */ = {
			isa = PBXGroup;
			children = (
				79A09D4D2C391BA2006F14F4 /* MainView.swift */,
			);
			path = Main;
			sourceTree = "<group>";
		};
		820836702C33FFAE00F6D0CF /* App */ = {
			isa = PBXGroup;
			children = (
				793278082C2D014500F433F5 /* PLATApp.swift */,
			);
			path = App;
			sourceTree = "<group>";
		};
		820836712C33FFD000F6D0CF /* Presentaion */ = {
			isa = PBXGroup;
			children = (
				793509C02C393B4F0098B073 /* Component */,
				79A09D4C2C391B97006F14F4 /* Main */,
				8208368A2C3403EE00F6D0CF /* Register */,
				8208368B2C3403FB00F6D0CF /* Settings */,
			);
			path = Presentaion;
			sourceTree = "<group>";
		};
		820836722C33FFDA00F6D0CF /* Resource */ = {
			isa = PBXGroup;
			children = (
				51F433332C34115900FAFD14 /* Fonts */,
				7932780C2C2D014600F433F5 /* Assets.xcassets */,
				796465A12C3A79BD00F6DC2D /* Icons.xcassets */,
				51F433312C340DB200FAFD14 /* Colors.xcassets */,
			);
			path = Resource;
			sourceTree = "<group>";
		};
		820836732C33FFF500F6D0CF /* Domain */ = {
			isa = PBXGroup;
			children = (
				8208369E2C3409E200F6D0CF /* Entity */,
				8208367A2C34003D00F6D0CF /* UseCase */,
				8208367D2C34010200F6D0CF /* Interface */,
			);
			path = Domain;
			sourceTree = "<group>";
		};
		820836742C33FFFC00F6D0CF /* Data */ = {
			isa = PBXGroup;
			children = (
				820836762C34001D00F6D0CF /* LoginService.swift */,
				793509BE2C39324A0098B073 /* StubUserService.swift */,
				7964659B2C3A5F1800F6DC2D /* StubInfoService.swift */,
				796465A32C3A7CF100F6DC2D /* StubStreamAccountService.swift */,
			);
			path = Data;
			sourceTree = "<group>";
		};
		8208367A2C34003D00F6D0CF /* UseCase */ = {
			isa = PBXGroup;
			children = (
				8208367B2C34005400F6D0CF /* LoginUseCase.swift */,
				820836902C34047C00F6D0CF /* StreamAccountUseCase.swift */,
				820836942C34050000F6D0CF /* UserUseCase.swift */,
				8208369A2C34084B00F6D0CF /* InfoUseCase.swift */,
			);
			path = UseCase;
			sourceTree = "<group>";
		};
		8208367D2C34010200F6D0CF /* Interface */ = {
			isa = PBXGroup;
			children = (
				8208367E2C34012E00F6D0CF /* LoginServiceInterface.swift */,
				820836922C3404C700F6D0CF /* StreamAccountServiceInterface.swift */,
				820836962C3405B000F6D0CF /* UserServiceInterface.swift */,
				8208369C2C34086300F6D0CF /* InfoServiceInterface.swift */,
			);
			path = Interface;
			sourceTree = "<group>";
		};
		8208368A2C3403EE00F6D0CF /* Register */ = {
			isa = PBXGroup;
			children = (
				7932780A2C2D014500F433F5 /* OnboardingView.swift */,
				820836802C34030C00F6D0CF /* LoginView.swift */,
				820836822C3403A700F6D0CF /* SelectStreamAccountView.swift */,
			);
			path = Register;
			sourceTree = "<group>";
		};
		8208368B2C3403FB00F6D0CF /* Settings */ = {
			isa = PBXGroup;
			children = (
				820836842C3403B400F6D0CF /* UserDetailView.swift */,
				820836862C3403C600F6D0CF /* NicknameSettingsView.swift */,
				820836882C3403DD00F6D0CF /* AccountSettingsView.swift */,
				8208368C2C34043700F6D0CF /* StreamAccountSettingsView.swift */,
				8208368E2C34044800F6D0CF /* AboutPlatSettingsView.swift */,
			);
			path = Settings;
			sourceTree = "<group>";
		};
		8208369E2C3409E200F6D0CF /* Entity */ = {
			isa = PBXGroup;
			children = (
				820836782C34002D00F6D0CF /* User.swift */,
				820836982C34064400F6D0CF /* StreamAccount.swift */,
				79A09D4F2C391C4A006F14F4 /* Tab.swift */,
			);
			path = Entity;
			sourceTree = "<group>";
		};
/* End PBXGroup section */

/* Begin PBXNativeTarget section */
		793278042C2D014500F433F5 /* PLAT */ = {
			isa = PBXNativeTarget;
			buildConfigurationList = 793278132C2D014600F433F5 /* Build configuration list for PBXNativeTarget "PLAT" */;
			buildPhases = (
				793278012C2D014500F433F5 /* Sources */,
				793278022C2D014500F433F5 /* Frameworks */,
				793278032C2D014500F433F5 /* Resources */,
			);
			buildRules = (
			);
			dependencies = (
				827A1DDE2C2D9B0D00C40046 /* PBXTargetDependency */,
			);
			name = PLAT;
			productName = PLAT;
			productReference = 793278052C2D014500F433F5 /* PLAT.app */;
			productType = "com.apple.product-type.application";
		};
/* End PBXNativeTarget section */

/* Begin PBXProject section */
		793277FD2C2D014500F433F5 /* Project object */ = {
			isa = PBXProject;
			attributes = {
				BuildIndependentTargetsInParallel = 1;
				LastSwiftUpdateCheck = 1540;
				LastUpgradeCheck = 1540;
				TargetAttributes = {
					793278042C2D014500F433F5 = {
						CreatedOnToolsVersion = 15.4;
					};
				};
			};
			buildConfigurationList = 793278002C2D014500F433F5 /* Build configuration list for PBXProject "PLAT" */;
			compatibilityVersion = "Xcode 14.0";
			developmentRegion = en;
			hasScannedForEncodings = 0;
			knownRegions = (
				en,
				Base,
			);
			mainGroup = 793277FC2C2D014500F433F5;
			packageReferences = (
				827A1DDC2C2D9AE700C40046 /* XCRemoteSwiftPackageReference "SwiftLintPlugins" */,
			);
			productRefGroup = 793278062C2D014500F433F5 /* Products */;
			projectDirPath = "";
			projectRoot = "";
			targets = (
				793278042C2D014500F433F5 /* PLAT */,
			);
		};
/* End PBXProject section */

/* Begin PBXResourcesBuildPhase section */
		793278032C2D014500F433F5 /* Resources */ = {
			isa = PBXResourcesBuildPhase;
			buildActionMask = 2147483647;
			files = (
				51F433412C3411D500FAFD14 /* Pretendard-Medium.ttf in Resources */,
				51F433402C3411D500FAFD14 /* Pretendard-ExtraBold.ttf in Resources */,
				796465A22C3A79BD00F6DC2D /* Icons.xcassets in Resources */,
				51F433452C3411D500FAFD14 /* Pretendard-Regular.ttf in Resources */,
				827A1DE02C2D9B3200C40046 /* .swiftlint.yml in Resources */,
				51F433322C340DB200FAFD14 /* Colors.xcassets in Resources */,
				51F4333E2C3411D500FAFD14 /* Pretendard-SemiBold.ttf in Resources */,
				51F4333F2C3411D500FAFD14 /* Pretendard-ExtraLight.ttf in Resources */,
				51F433432C3411D500FAFD14 /* Pretendard-Thin.ttf in Resources */,
				51F433462C3411D500FAFD14 /* Pretendard-Light.ttf in Resources */,
				793278102C2D014600F433F5 /* Preview Assets.xcassets in Resources */,
				7932780D2C2D014600F433F5 /* Assets.xcassets in Resources */,
				51F433422C3411D500FAFD14 /* Pretendard-Black.ttf in Resources */,
				51F433442C3411D500FAFD14 /* Pretendard-Bold.ttf in Resources */,
			);
			runOnlyForDeploymentPostprocessing = 0;
		};
/* End PBXResourcesBuildPhase section */

/* Begin PBXSourcesBuildPhase section */
		793278012C2D014500F433F5 /* Sources */ = {
			isa = PBXSourcesBuildPhase;
			buildActionMask = 2147483647;
			files = (
				7932780B2C2D014500F433F5 /* OnboardingView.swift in Sources */,
				820836812C34030C00F6D0CF /* LoginView.swift in Sources */,
				8208368F2C34044800F6D0CF /* AboutPlatSettingsView.swift in Sources */,
				8208369D2C34086300F6D0CF /* InfoServiceInterface.swift in Sources */,
				8208367F2C34012E00F6D0CF /* LoginServiceInterface.swift in Sources */,
				796465A42C3A7CF100F6DC2D /* StubStreamAccountService.swift in Sources */,
				820836952C34050000F6D0CF /* UserUseCase.swift in Sources */,
				793509BF2C39324A0098B073 /* StubUserService.swift in Sources */,
				8208368D2C34043700F6D0CF /* StreamAccountSettingsView.swift in Sources */,
				79A09D4E2C391BA2006F14F4 /* MainView.swift in Sources */,
				820836872C3403C600F6D0CF /* NicknameSettingsView.swift in Sources */,
				820836892C3403DD00F6D0CF /* AccountSettingsView.swift in Sources */,
				8208369B2C34084B00F6D0CF /* InfoUseCase.swift in Sources */,
				7964659E2C3A649600F6DC2D /* PlatTextField.swift in Sources */,
				793278092C2D014500F433F5 /* PLATApp.swift in Sources */,
				51F4334A2C3413CB00FAFD14 /* Helper+PretendardFont.swift in Sources */,
				820836852C3403B400F6D0CF /* UserDetailView.swift in Sources */,
				820836832C3403A700F6D0CF /* SelectStreamAccountView.swift in Sources */,
				796465A62C3A82A200F6DC2D /* ListRadioButton.swift in Sources */,
				820836792C34002D00F6D0CF /* User.swift in Sources */,
				796465A02C3A6F2E00F6DC2D /* ActionButton.swift in Sources */,
				820836932C3404C700F6D0CF /* StreamAccountServiceInterface.swift in Sources */,
				7964659A2C3A5C2400F6DC2D /* Helper+Preview.swift in Sources */,
				79A09D502C391C4A006F14F4 /* Tab.swift in Sources */,
				820836992C34064400F6D0CF /* StreamAccount.swift in Sources */,
				820836772C34001D00F6D0CF /* LoginService.swift in Sources */,
				8208367C2C34005400F6D0CF /* LoginUseCase.swift in Sources */,
				7964659C2C3A5F1800F6DC2D /* StubInfoService.swift in Sources */,
				820836912C34047C00F6D0CF /* StreamAccountUseCase.swift in Sources */,
				820836972C3405B000F6D0CF /* UserServiceInterface.swift in Sources */,
				793509C22C393BA40098B073 /* ListSection.swift in Sources */,
			);
			runOnlyForDeploymentPostprocessing = 0;
		};
/* End PBXSourcesBuildPhase section */

/* Begin PBXTargetDependency section */
		827A1DDE2C2D9B0D00C40046 /* PBXTargetDependency */ = {
			isa = PBXTargetDependency;
			productRef = 827A1DDD2C2D9B0D00C40046 /* SwiftLintBuildToolPlugin */;
		};
/* End PBXTargetDependency section */

/* Begin XCBuildConfiguration section */
		793278112C2D014600F433F5 /* Debug */ = {
			isa = XCBuildConfiguration;
			buildSettings = {
				ALWAYS_SEARCH_USER_PATHS = NO;
				ASSETCATALOG_COMPILER_GENERATE_SWIFT_ASSET_SYMBOL_EXTENSIONS = YES;
				CLANG_ANALYZER_NONNULL = YES;
				CLANG_ANALYZER_NUMBER_OBJECT_CONVERSION = YES_AGGRESSIVE;
				CLANG_CXX_LANGUAGE_STANDARD = "gnu++20";
				CLANG_ENABLE_MODULES = YES;
				CLANG_ENABLE_OBJC_ARC = YES;
				CLANG_ENABLE_OBJC_WEAK = YES;
				CLANG_WARN_BLOCK_CAPTURE_AUTORELEASING = YES;
				CLANG_WARN_BOOL_CONVERSION = YES;
				CLANG_WARN_COMMA = YES;
				CLANG_WARN_CONSTANT_CONVERSION = YES;
				CLANG_WARN_DEPRECATED_OBJC_IMPLEMENTATIONS = YES;
				CLANG_WARN_DIRECT_OBJC_ISA_USAGE = YES_ERROR;
				CLANG_WARN_DOCUMENTATION_COMMENTS = YES;
				CLANG_WARN_EMPTY_BODY = YES;
				CLANG_WARN_ENUM_CONVERSION = YES;
				CLANG_WARN_INFINITE_RECURSION = YES;
				CLANG_WARN_INT_CONVERSION = YES;
				CLANG_WARN_NON_LITERAL_NULL_CONVERSION = YES;
				CLANG_WARN_OBJC_IMPLICIT_RETAIN_SELF = YES;
				CLANG_WARN_OBJC_LITERAL_CONVERSION = YES;
				CLANG_WARN_OBJC_ROOT_CLASS = YES_ERROR;
				CLANG_WARN_QUOTED_INCLUDE_IN_FRAMEWORK_HEADER = YES;
				CLANG_WARN_RANGE_LOOP_ANALYSIS = YES;
				CLANG_WARN_STRICT_PROTOTYPES = YES;
				CLANG_WARN_SUSPICIOUS_MOVE = YES;
				CLANG_WARN_UNGUARDED_AVAILABILITY = YES_AGGRESSIVE;
				CLANG_WARN_UNREACHABLE_CODE = YES;
				CLANG_WARN__DUPLICATE_METHOD_MATCH = YES;
				COPY_PHASE_STRIP = NO;
				DEBUG_INFORMATION_FORMAT = dwarf;
				ENABLE_STRICT_OBJC_MSGSEND = YES;
				ENABLE_TESTABILITY = YES;
				ENABLE_USER_SCRIPT_SANDBOXING = YES;
				GCC_C_LANGUAGE_STANDARD = gnu17;
				GCC_DYNAMIC_NO_PIC = NO;
				GCC_NO_COMMON_BLOCKS = YES;
				GCC_OPTIMIZATION_LEVEL = 0;
				GCC_PREPROCESSOR_DEFINITIONS = (
					"DEBUG=1",
					"$(inherited)",
				);
				GCC_WARN_64_TO_32_BIT_CONVERSION = YES;
				GCC_WARN_ABOUT_RETURN_TYPE = YES_ERROR;
				GCC_WARN_UNDECLARED_SELECTOR = YES;
				GCC_WARN_UNINITIALIZED_AUTOS = YES_AGGRESSIVE;
				GCC_WARN_UNUSED_FUNCTION = YES;
				GCC_WARN_UNUSED_VARIABLE = YES;
				IPHONEOS_DEPLOYMENT_TARGET = 17.5;
				LOCALIZATION_PREFERS_STRING_CATALOGS = YES;
				MTL_ENABLE_DEBUG_INFO = INCLUDE_SOURCE;
				MTL_FAST_MATH = YES;
				ONLY_ACTIVE_ARCH = YES;
				SDKROOT = iphoneos;
				SWIFT_ACTIVE_COMPILATION_CONDITIONS = "DEBUG $(inherited)";
				SWIFT_OPTIMIZATION_LEVEL = "-Onone";
			};
			name = Debug;
		};
		793278122C2D014600F433F5 /* Release */ = {
			isa = XCBuildConfiguration;
			buildSettings = {
				ALWAYS_SEARCH_USER_PATHS = NO;
				ASSETCATALOG_COMPILER_GENERATE_SWIFT_ASSET_SYMBOL_EXTENSIONS = YES;
				CLANG_ANALYZER_NONNULL = YES;
				CLANG_ANALYZER_NUMBER_OBJECT_CONVERSION = YES_AGGRESSIVE;
				CLANG_CXX_LANGUAGE_STANDARD = "gnu++20";
				CLANG_ENABLE_MODULES = YES;
				CLANG_ENABLE_OBJC_ARC = YES;
				CLANG_ENABLE_OBJC_WEAK = YES;
				CLANG_WARN_BLOCK_CAPTURE_AUTORELEASING = YES;
				CLANG_WARN_BOOL_CONVERSION = YES;
				CLANG_WARN_COMMA = YES;
				CLANG_WARN_CONSTANT_CONVERSION = YES;
				CLANG_WARN_DEPRECATED_OBJC_IMPLEMENTATIONS = YES;
				CLANG_WARN_DIRECT_OBJC_ISA_USAGE = YES_ERROR;
				CLANG_WARN_DOCUMENTATION_COMMENTS = YES;
				CLANG_WARN_EMPTY_BODY = YES;
				CLANG_WARN_ENUM_CONVERSION = YES;
				CLANG_WARN_INFINITE_RECURSION = YES;
				CLANG_WARN_INT_CONVERSION = YES;
				CLANG_WARN_NON_LITERAL_NULL_CONVERSION = YES;
				CLANG_WARN_OBJC_IMPLICIT_RETAIN_SELF = YES;
				CLANG_WARN_OBJC_LITERAL_CONVERSION = YES;
				CLANG_WARN_OBJC_ROOT_CLASS = YES_ERROR;
				CLANG_WARN_QUOTED_INCLUDE_IN_FRAMEWORK_HEADER = YES;
				CLANG_WARN_RANGE_LOOP_ANALYSIS = YES;
				CLANG_WARN_STRICT_PROTOTYPES = YES;
				CLANG_WARN_SUSPICIOUS_MOVE = YES;
				CLANG_WARN_UNGUARDED_AVAILABILITY = YES_AGGRESSIVE;
				CLANG_WARN_UNREACHABLE_CODE = YES;
				CLANG_WARN__DUPLICATE_METHOD_MATCH = YES;
				COPY_PHASE_STRIP = NO;
				DEBUG_INFORMATION_FORMAT = "dwarf-with-dsym";
				ENABLE_NS_ASSERTIONS = NO;
				ENABLE_STRICT_OBJC_MSGSEND = YES;
				ENABLE_USER_SCRIPT_SANDBOXING = YES;
				GCC_C_LANGUAGE_STANDARD = gnu17;
				GCC_NO_COMMON_BLOCKS = YES;
				GCC_WARN_64_TO_32_BIT_CONVERSION = YES;
				GCC_WARN_ABOUT_RETURN_TYPE = YES_ERROR;
				GCC_WARN_UNDECLARED_SELECTOR = YES;
				GCC_WARN_UNINITIALIZED_AUTOS = YES_AGGRESSIVE;
				GCC_WARN_UNUSED_FUNCTION = YES;
				GCC_WARN_UNUSED_VARIABLE = YES;
				IPHONEOS_DEPLOYMENT_TARGET = 17.5;
				LOCALIZATION_PREFERS_STRING_CATALOGS = YES;
				MTL_ENABLE_DEBUG_INFO = NO;
				MTL_FAST_MATH = YES;
				SDKROOT = iphoneos;
				SWIFT_COMPILATION_MODE = wholemodule;
				VALIDATE_PRODUCT = YES;
			};
			name = Release;
		};
		793278142C2D014600F433F5 /* Debug */ = {
			isa = XCBuildConfiguration;
			buildSettings = {
				ASSETCATALOG_COMPILER_APPICON_NAME = AppIcon;
				ASSETCATALOG_COMPILER_GLOBAL_ACCENT_COLOR_NAME = AccentColor;
				CODE_SIGN_ENTITLEMENTS = PLAT/PLAT.entitlements;
				CODE_SIGN_STYLE = Automatic;
				CURRENT_PROJECT_VERSION = 1;
				DEVELOPMENT_ASSET_PATHS = "\"PLAT/Preview Content\"";
				DEVELOPMENT_TEAM = 4QMNM64P9Z;
				ENABLE_PREVIEWS = YES;
				GENERATE_INFOPLIST_FILE = YES;
				INFOPLIST_FILE = PLAT/Info.plist;
				INFOPLIST_KEY_UIApplicationSceneManifest_Generation = YES;
				INFOPLIST_KEY_UIApplicationSupportsIndirectInputEvents = YES;
				INFOPLIST_KEY_UILaunchScreen_Generation = YES;
				INFOPLIST_KEY_UIStatusBarStyle = UIStatusBarStyleDarkContent;
				INFOPLIST_KEY_UISupportedInterfaceOrientations_iPad = "UIInterfaceOrientationPortrait UIInterfaceOrientationPortraitUpsideDown UIInterfaceOrientationLandscapeLeft UIInterfaceOrientationLandscapeRight";
				INFOPLIST_KEY_UISupportedInterfaceOrientations_iPhone = "UIInterfaceOrientationPortrait UIInterfaceOrientationLandscapeLeft UIInterfaceOrientationLandscapeRight";
				INFOPLIST_KEY_UIUserInterfaceStyle = Dark;
				IPHONEOS_DEPLOYMENT_TARGET = 17.0;
				LD_RUNPATH_SEARCH_PATHS = (
					"$(inherited)",
					"@executable_path/Frameworks",
				);
				MARKETING_VERSION = 1.0;
				PRODUCT_BUNDLE_IDENTIFIER = seyeoncho.com.cabin.plat;
				PRODUCT_NAME = "$(TARGET_NAME)";
				SWIFT_EMIT_LOC_STRINGS = YES;
				SWIFT_VERSION = 5.0;
				TARGETED_DEVICE_FAMILY = "1,2";
			};
			name = Debug;
		};
		793278152C2D014600F433F5 /* Release */ = {
			isa = XCBuildConfiguration;
			buildSettings = {
				ASSETCATALOG_COMPILER_APPICON_NAME = AppIcon;
				ASSETCATALOG_COMPILER_GLOBAL_ACCENT_COLOR_NAME = AccentColor;
				CODE_SIGN_ENTITLEMENTS = PLAT/PLAT.entitlements;
				CODE_SIGN_STYLE = Automatic;
				CURRENT_PROJECT_VERSION = 1;
				DEVELOPMENT_ASSET_PATHS = "\"PLAT/Preview Content\"";
				DEVELOPMENT_TEAM = 4QMNM64P9Z;
				ENABLE_PREVIEWS = YES;
				GENERATE_INFOPLIST_FILE = YES;
				INFOPLIST_FILE = PLAT/Info.plist;
				INFOPLIST_KEY_UIApplicationSceneManifest_Generation = YES;
				INFOPLIST_KEY_UIApplicationSupportsIndirectInputEvents = YES;
				INFOPLIST_KEY_UILaunchScreen_Generation = YES;
				INFOPLIST_KEY_UIStatusBarStyle = UIStatusBarStyleDarkContent;
				INFOPLIST_KEY_UISupportedInterfaceOrientations_iPad = "UIInterfaceOrientationPortrait UIInterfaceOrientationPortraitUpsideDown UIInterfaceOrientationLandscapeLeft UIInterfaceOrientationLandscapeRight";
				INFOPLIST_KEY_UISupportedInterfaceOrientations_iPhone = "UIInterfaceOrientationPortrait UIInterfaceOrientationLandscapeLeft UIInterfaceOrientationLandscapeRight";
				INFOPLIST_KEY_UIUserInterfaceStyle = Dark;
				IPHONEOS_DEPLOYMENT_TARGET = 17.0;
				LD_RUNPATH_SEARCH_PATHS = (
					"$(inherited)",
					"@executable_path/Frameworks",
				);
				MARKETING_VERSION = 1.0;
				PRODUCT_BUNDLE_IDENTIFIER = seyeoncho.com.cabin.plat;
				PRODUCT_NAME = "$(TARGET_NAME)";
				SWIFT_EMIT_LOC_STRINGS = YES;
				SWIFT_VERSION = 5.0;
				TARGETED_DEVICE_FAMILY = "1,2";
			};
			name = Release;
		};
/* End XCBuildConfiguration section */

/* Begin XCConfigurationList section */
		793278002C2D014500F433F5 /* Build configuration list for PBXProject "PLAT" */ = {
			isa = XCConfigurationList;
			buildConfigurations = (
				793278112C2D014600F433F5 /* Debug */,
				793278122C2D014600F433F5 /* Release */,
			);
			defaultConfigurationIsVisible = 0;
			defaultConfigurationName = Release;
		};
		793278132C2D014600F433F5 /* Build configuration list for PBXNativeTarget "PLAT" */ = {
			isa = XCConfigurationList;
			buildConfigurations = (
				793278142C2D014600F433F5 /* Debug */,
				793278152C2D014600F433F5 /* Release */,
			);
			defaultConfigurationIsVisible = 0;
			defaultConfigurationName = Release;
		};
/* End XCConfigurationList section */

/* Begin XCRemoteSwiftPackageReference section */
		827A1DDC2C2D9AE700C40046 /* XCRemoteSwiftPackageReference "SwiftLintPlugins" */ = {
			isa = XCRemoteSwiftPackageReference;
			repositoryURL = "https://github.com/SimplyDanny/SwiftLintPlugins";
			requirement = {
				kind = upToNextMajorVersion;
				minimumVersion = 0.55.1;
			};
		};
/* End XCRemoteSwiftPackageReference section */

/* Begin XCSwiftPackageProductDependency section */
		827A1DDD2C2D9B0D00C40046 /* SwiftLintBuildToolPlugin */ = {
			isa = XCSwiftPackageProductDependency;
			package = 827A1DDC2C2D9AE700C40046 /* XCRemoteSwiftPackageReference "SwiftLintPlugins" */;
			productName = "plugin:SwiftLintBuildToolPlugin";
		};
/* End XCSwiftPackageProductDependency section */
	};
	rootObject = 793277FD2C2D014500F433F5 /* Project object */;
}
