{
  "originHash" : "a1c4ccd8bb402aa4823cdd980540254e012b1b148a839461ac2dc287fce15a9c",
  "pins" : [
    {
      "identity" : "ios-sdk",
      "kind" : "remoteSourceControl",
      "location" : "https://github.com/spotify/ios-sdk",
      "state" : {
        "branch" : "master",
        "revision" : "8aec6234b78df7b3ea88208b14b07779a9e61f87"
      }
    },
    {
      "identity" : "lottie-ios",
      "kind" : "remoteSourceControl",
      "location" : "https://github.com/airbnb/lottie-ios",
      "state" : {
        "revision" : "fe4c6fe3a0aa66cdeb51d549623c82ca9704b9a5",
        "version" : "4.5.0"
      }
    },
    {
      "identity" : "swiftlintplugins",
      "kind" : "remoteSourceControl",
      "location" : "https://github.com/SimplyDanny/SwiftLintPlugins",
      "state" : {
        "revision" : "9ad9487c2448b3f1265ea2cc8af246b9cae6878d",
        "version" : "0.56.1"
      }
    }
  ],
  "version" : 3
}
